// !$*UTF8*$!
{
	archiveVersion = 1;
	classes = {
	};
	objectVersion = 70;
	objects = {

/* Begin PBXBuildFile section */
		42DAAE51963B489A9F759DC3 /* HomeHeader.swift in Sources */ = {isa = PBXBuildFile; fileRef = 1FD0FC2E674C429A8B2BE55D /* HomeHeader.swift */; };
		C8BAD5815432495A8847DF77 /* TodaySection.swift in Sources */ = {isa = PBXBuildFile; fileRef = 7C7E51D8B01B478B90EC5805 /* TodaySection.swift */; };
		EE66FF77880099AA11220501 /* HappyHourListView.swift in Sources */ = {isa = PBXBuildFile; fileRef = EE66FF77880099AA11220502 /* HappyHourListView.swift */; };
		EE66FF77880099AA11220701 /* ConditionsBand.swift in Sources */ = {isa = PBXBuildFile; fileRef = EE66FF77880099AA11220702 /* ConditionsBand.swift */; };
		EE66FF77880099AA11220703 /* WeatherDetailView.swift in Sources */ = {isa = PBXBuildFile; fileRef = EE66FF77880099AA11220704 /* WeatherDetailView.swift */; };
		EE66FF77880099AA11220801 /* WeatherMetricTile.swift in Sources */ = {isa = PBXBuildFile; fileRef = EE66FF77880099AA11220802 /* WeatherMetricTile.swift */; };
		EE66FF77880099AA11220803 /* WeatherForecastPanel.swift in Sources */ = {isa = PBXBuildFile; fileRef = EE66FF77880099AA11220804 /* WeatherForecastPanel.swift */; };
		EE66FF77880099AA11220805 /* MoonPhase.swift in Sources */ = {isa = PBXBuildFile; fileRef = EE66FF77880099AA11220806 /* MoonPhase.swift */; };
		EE66FF77880099AA11220705 /* SunArcView.swift in Sources */ = {isa = PBXBuildFile; fileRef = EE66FF77880099AA11220706 /* SunArcView.swift */; };
		2F39ACADB90F437997447186 /* InsiderPickSection.swift in Sources */ = {isa = PBXBuildFile; fileRef = 66090DD8DED94CCA85443C05 /* InsiderPickSection.swift */; };
		55A42DC7672A466D8A94AA04 /* BrowseSection.swift in Sources */ = {isa = PBXBuildFile; fileRef = 8688C1F4645D45CFBAA41583 /* BrowseSection.swift */; };
		3C0C78D683504971B0FF0150 /* Event.swift in Sources */ = {isa = PBXBuildFile; fileRef = 4D8463608BC840E082358A6A /* Event.swift */; };
		8EE4441BAC36430CA46B0B1B /* CruiseArrival.swift in Sources */ = {isa = PBXBuildFile; fileRef = 34AE43D6DD884A7A959EAB6B /* CruiseArrival.swift */; };
		21267395F672413E862D5DF9 /* CruiseArrivalsService.swift in Sources */ = {isa = PBXBuildFile; fileRef = 831D8B217B0E4F00BA64B77F /* CruiseArrivalsService.swift */; };
		84AFED49392042F38C6C4A66 /* EventsService.swift in Sources */ = {isa = PBXBuildFile; fileRef = 1647473CF52B4D81B3ACE8C7 /* EventsService.swift */; };
		4E79664B0C46435FB08EEFA5 /* EventCalendarHelper.swift in Sources */ = {isa = PBXBuildFile; fileRef = 883F325D631D4609B259513A /* EventCalendarHelper.swift */; };
		D7085D9E036145A99ED6BF79 /* EventFavoritesStore.swift in Sources */ = {isa = PBXBuildFile; fileRef = C2D8FABB9A2C4441B179E462 /* EventFavoritesStore.swift */; };
		7D68BF3461B34F76AA419F82 /* TonightSection.swift in Sources */ = {isa = PBXBuildFile; fileRef = 89B179D5893C4B629DFABB04 /* TonightSection.swift */; };
		7D95FF340DF14283999E535C /* EventsListView.swift in Sources */ = {isa = PBXBuildFile; fileRef = DA9D7893C77A4B868C1584C5 /* EventsListView.swift */; };
		30894C076E9A467CABF083AB /* EventDetailView.swift in Sources */ = {isa = PBXBuildFile; fileRef = 255E761E8F1A499E9B9E31B1 /* EventDetailView.swift */; };
		404F2D6B8DB04B8AA4FB808B /* events.json in Resources */ = {isa = PBXBuildFile; fileRef = 5685296F95F34F429E3EAE16 /* events.json */; };
		6013D59428B2452ABF336417 /* cruise_arrivals.json in Resources */ = {isa = PBXBuildFile; fileRef = 4B117EEE15B3462B9729F49E /* cruise_arrivals.json */; };
		0055DE1F42FE3CCFBF8B0A24 /* Colors.swift in Sources */ = {isa = PBXBuildFile; fileRef = BA9E6BAAFFD476DF7857E10B /* Colors.swift */; };
		0A3C304657086C8DDAAB7EF1 /* Assets.xcassets in Resources */ = {isa = PBXBuildFile; fileRef = F73B201D3F8FCB88366DA9E3 /* Assets.xcassets */; };
		0BB8FA375BB1DB7E9BACF0D3 /* Guide.swift in Sources */ = {isa = PBXBuildFile; fileRef = DEF0097318F6AEE97EB0C03E /* Guide.swift */; };
		0F4350E2F56F8361DCEB688C /* ContentView.swift in Sources */ = {isa = PBXBuildFile; fileRef = 510C3B6295519CEB5456C37E /* ContentView.swift */; };
		0F759DDE306FE66F8930527F /* FavoritesViewModel.swift in Sources */ = {isa = PBXBuildFile; fileRef = 389B96AE42FCC81DEE6EF792 /* FavoritesViewModel.swift */; };
		14FA262B52372AF12B6DC719 /* cruise-mahogany-bay.json in Resources */ = {isa = PBXBuildFile; fileRef = A7242144E4B8E49A85DEFD47 /* cruise-mahogany-bay.json */; };
		16B0AD0D383892CC2B8A5085 /* LocationManager.swift in Sources */ = {isa = PBXBuildFile; fileRef = B8CBE2E226575D5AA1E8F25D /* LocationManager.swift */; };
		19F7FBB198B344D7EC5D410D /* MiniMapView.swift in Sources */ = {isa = PBXBuildFile; fileRef = 678158A014617021CE7178F9 /* MiniMapView.swift */; };
		1AE9C4081261D4DB4583A7F6 /* Area.swift in Sources */ = {isa = PBXBuildFile; fileRef = CEB8B7661998E6D132F5842E /* Area.swift */; };
		2036FA4962F442AB4653B5DD /* PhotoGallery.swift in Sources */ = {isa = PBXBuildFile; fileRef = 8337FBFA3BB1CD2AA9D61C79 /* PhotoGallery.swift */; };
		24F3EEA9160E17F92D89827A /* ToolsViewModel.swift in Sources */ = {isa = PBXBuildFile; fileRef = A18F1A4D4896C2BD9A9358BB /* ToolsViewModel.swift */; };
		2B86D6D82F50122DD8BAACFA /* TipCalculatorView.swift in Sources */ = {isa = PBXBuildFile; fileRef = 75ACB383FC33499CC46A8D24 /* TipCalculatorView.swift */; };
		3430D22E527A455DAB8AF544 /* Sentry in Frameworks */ = {isa = PBXBuildFile; productRef = CDBC5B115FE54B17B0506FC8 /* Sentry */; };
		3CFE3A24C4878E0F6442401B /* MapPopupCard.swift in Sources */ = {isa = PBXBuildFile; fileRef = 0195FA7066564444A2AD86C1 /* MapPopupCard.swift */; };
		3FD1EB5C9D3E5DA1F0758290 /* Constants.swift in Sources */ = {isa = PBXBuildFile; fileRef = C51054B681FC2110BFBBA3B9 /* Constants.swift */; };
		EE66FF77880099AA11220601 /* TravelEstimate.swift in Sources */ = {isa = PBXBuildFile; fileRef = EE66FF77880099AA11220602 /* TravelEstimate.swift */; };
		4170CD6D76F8D9F541B1DF3C /* Favorite.swift in Sources */ = {isa = PBXBuildFile; fileRef = C414E435A7648730B69DDDD4 /* Favorite.swift */; };
		479F702AFAF3B6D85561B6D9 /* MapViewModel.swift in Sources */ = {isa = PBXBuildFile; fileRef = 2F22F7E1102E1D308B79DA47 /* MapViewModel.swift */; };
		4A6280F790064A116902C056 /* MapTabView.swift in Sources */ = {isa = PBXBuildFile; fileRef = 36112C333F250CC64E4826D3 /* MapTabView.swift */; };
		4AE8A7EDB3949FC07ACDF38E /* businesses.json in Resources */ = {isa = PBXBuildFile; fileRef = 179BA40591A489E6690226B8 /* businesses.json */; };
		540B5A729ACCF687BC559A30 /* ContactActions.swift in Sources */ = {isa = PBXBuildFile; fileRef = 433AD38C22538BD20ED17140 /* ContactActions.swift */; };
		65ABAB072B0FF83CAD4611BD /* FavoriteButton.swift in Sources */ = {isa = PBXBuildFile; fileRef = D3CC41408A026EF99B71056B /* FavoriteButton.swift */; };
		66AA047D8764DD6F1344D587 /* OpenStatusBadge.swift in Sources */ = {isa = PBXBuildFile; fileRef = AEC204C0715C10682D6C667F /* OpenStatusBadge.swift */; };
		6744D1163A8FF348A5301C83 /* SearchEngine.swift in Sources */ = {isa = PBXBuildFile; fileRef = 91A9A634F3CE5F95335B4A75 /* SearchEngine.swift */; };
		6DC2B9032FBE99F600413663 /* WidgetKit.framework in Frameworks */ = {isa = PBXBuildFile; fileRef = 6DC2B9022FBE99F600413663 /* WidgetKit.framework */; };
		6DC2B9052FBE99F600413663 /* SwiftUI.framework in Frameworks */ = {isa = PBXBuildFile; fileRef = 6DC2B9042FBE99F600413663 /* SwiftUI.framework */; };
		6DC2B9122FBE99F800413663 /* RoatanInsiderWidgetsExtension.appex in Embed Foundation Extensions */ = {isa = PBXBuildFile; fileRef = 6DC2B9002FBE99F600413663 /* RoatanInsiderWidgetsExtension.appex */; settings = {ATTRIBUTES = (RemoveHeadersOnCopy, ); }; };
		6DC2B91E2FBE9AB300413663 /* CruiseActivityAttributes.swift in Sources */ = {isa = PBXBuildFile; fileRef = C1A2B3D4E5F60035026 /* CruiseActivityAttributes.swift */; };
		6DC2B9212FBE9BC000413663 /* SunsetCalculator.swift in Sources */ = {isa = PBXBuildFile; fileRef = BB33CC44DD55EE66FF770012 /* SunsetCalculator.swift */; };
		6FD91392729F6FB913ED61FA /* ExploreView.swift in Sources */ = {isa = PBXBuildFile; fileRef = B8252ED2B7A6B024DABC997B /* ExploreView.swift */; };
		75BA98B397EE77FD111393E7 /* FavoritesStore.swift in Sources */ = {isa = PBXBuildFile; fileRef = 6D93F8AF9DD468264D391896 /* FavoritesStore.swift */; };
		771325A05FD5B483C97C568D /* essentials.json in Resources */ = {isa = PBXBuildFile; fileRef = 6ED16F04793732E4FF32E158 /* essentials.json */; };
		78AF3FF6C235822D0DF0F776 /* Fonts.swift in Sources */ = {isa = PBXBuildFile; fileRef = 6E372D20A681F4605FF9F95E /* Fonts.swift */; };
		78BD20A5A047DEA271A02AA3 /* Category.swift in Sources */ = {isa = PBXBuildFile; fileRef = 63FC53A49F6C4F4E5D210CB8 /* Category.swift */; };
		81290E28565EC83C35FF23B3 /* HomeView.swift in Sources */ = {isa = PBXBuildFile; fileRef = 20C92DD6E4FC1FFDC07625C8 /* HomeView.swift */; };
		8DD01B1FD61DA6D8208CEBAE /* BusinessCard.swift in Sources */ = {isa = PBXBuildFile; fileRef = 42DA2C4F7D608011B2EDFCD6 /* BusinessCard.swift */; };
		9816F4DE8551E706F0E092CB /* IslandEssentialsView.swift in Sources */ = {isa = PBXBuildFile; fileRef = 8B708D588E7F11A4C26B7999 /* IslandEssentialsView.swift */; };
		984355EF9CB879BDDB072BC8 /* CruiseDayGuideView.swift in Sources */ = {isa = PBXBuildFile; fileRef = 8EEC4EF8709E310E256F3EFE /* CruiseDayGuideView.swift */; };
		9ED2AC98AC8AE76C18351D28 /* PriceRangeView.swift in Sources */ = {isa = PBXBuildFile; fileRef = 44663F107017ED1A955889AE /* PriceRangeView.swift */; };
		A1B2C3D4E5F60718293A4B5C /* BusinessImageView.swift in Sources */ = {isa = PBXBuildFile; fileRef = B2C3D4E5F6071829A3B4C5D6 /* BusinessImageView.swift */; };
		A1B2C3D4E5F6789012345678 /* MenuGalleryView.swift in Sources */ = {isa = PBXBuildFile; fileRef = F1E2D3C4B5A6978012345678 /* MenuGalleryView.swift */; };
		A4DADDCADC5AB14F38A3C02B /* Extensions.swift in Sources */ = {isa = PBXBuildFile; fileRef = F42C0F536141123397F12BB3 /* Extensions.swift */; };
		AA00BB11CC22DD33EE44FF01 /* PrivacyInfo.xcprivacy in Resources */ = {isa = PBXBuildFile; fileRef = AA00BB11CC22DD33EE44FF02 /* PrivacyInfo.xcprivacy */; };
		AA11BB22CC33DD44EE55FF66 /* NetworkMonitor.swift in Sources */ = {isa = PBXBuildFile; fileRef = BB22CC33DD44EE55FF660011 /* NetworkMonitor.swift */; };
		AA22BB33CC44DD55EE66FF01 /* Haptics.swift in Sources */ = {isa = PBXBuildFile; fileRef = AA22BB33CC44DD55EE66FF02 /* Haptics.swift */; };
		AA22BB33CC44DD55EE66FF03 /* CruiseViewModel.swift in Sources */ = {isa = PBXBuildFile; fileRef = AA22BB33CC44DD55EE66FF04 /* CruiseViewModel.swift */; };
		AA22BB33CC44DD55EE66FF07 /* CruiseModeView.swift in Sources */ = {isa = PBXBuildFile; fileRef = AA22BB33CC44DD55EE66FF08 /* CruiseModeView.swift */; };
		AA22BB33CC44DD55EE66FF09 /* AskALocalView.swift in Sources */ = {isa = PBXBuildFile; fileRef = AA22BB33CC44DD55EE66FF0A /* AskALocalView.swift */; };
		AA22BB33CC44DD55EE66FF0B /* RightNowSection.swift in Sources */ = {isa = PBXBuildFile; fileRef = AA22BB33CC44DD55EE66FF0C /* RightNowSection.swift */; };
		AA22BB33CC44DD55EE66FF0D /* OnboardingView.swift in Sources */ = {isa = PBXBuildFile; fileRef = AA22BB33CC44DD55EE66FF0E /* OnboardingView.swift */; };
		AAFF1122334455660001 /* RemoteDataService.swift in Sources */ = {isa = PBXBuildFile; fileRef = AAFF1122334455660002 /* RemoteDataService.swift */; };
		AAFF1122334455660003 /* ask-a-local.json in Resources */ = {isa = PBXBuildFile; fileRef = AAFF1122334455660004 /* ask-a-local.json */; };
		AC57565D7F0EE0912A57CC03 /* areas.json in Resources */ = {isa = PBXBuildFile; fileRef = 184A4AB40EF1F2D2FE0EAB19 /* areas.json */; };
		AEF7FECD88521DA0CA44A502 /* Business.swift in Sources */ = {isa = PBXBuildFile; fileRef = 0A05F076695AC04B8CD07E4F /* Business.swift */; };
		B3063911EAE150C625BEEDFA /* cruise-coxen-hole.json in Resources */ = {isa = PBXBuildFile; fileRef = 52133D52DF9293C51F2C38DF /* cruise-coxen-hole.json */; };
		B5B7224EFA25DD6CB1C7C120 /* SkeletonView.swift in Sources */ = {isa = PBXBuildFile; fileRef = 4611149A9B0F906F8558EE2F /* SkeletonView.swift */; };
		BB33CC44DD55EE66FF770011 /* SunsetCalculator.swift in Sources */ = {isa = PBXBuildFile; fileRef = BB33CC44DD55EE66FF770012 /* SunsetCalculator.swift */; };
		BB33CC44DD55EE66FF770013 /* SafetyCardView.swift in Sources */ = {isa = PBXBuildFile; fileRef = BB33CC44DD55EE66FF770014 /* SafetyCardView.swift */; };
		BB33CC44DD55EE66FF770015 /* CollectionsSection.swift in Sources */ = {isa = PBXBuildFile; fileRef = BB33CC44DD55EE66FF770016 /* CollectionsSection.swift */; };
		BB33CC44DD55EE66FF770019 /* ShareableBusinessCard.swift in Sources */ = {isa = PBXBuildFile; fileRef = BB33CC44DD55EE66FF77001A /* ShareableBusinessCard.swift */; };
		C0664746D374444AB9741FE2 /* ExchangeRateService.swift in Sources */ = {isa = PBXBuildFile; fileRef = C25E7EE11F9B4BA8863E1EC0 /* ExchangeRateService.swift */; };
		C1A2B3D4E5F600010001 /* ImageCache.swift in Sources */ = {isa = PBXBuildFile; fileRef = C1A2B3D4E5F600010002 /* ImageCache.swift */; };
		C1A2B3D4E5F600030003 /* CachedRemoteImage.swift in Sources */ = {isa = PBXBuildFile; fileRef = C1A2B3D4E5F600030004 /* CachedRemoteImage.swift */; };
		C1A2B3D4E5F600050005 /* AppLog.swift in Sources */ = {isa = PBXBuildFile; fileRef = C1A2B3D4E5F600050006 /* AppLog.swift */; };
		C1A2B3D4E5F600070007 /* SearchSynonyms.swift in Sources */ = {isa = PBXBuildFile; fileRef = C1A2B3D4E5F600070008 /* SearchSynonyms.swift */; };
		C1A2B3D4E5F600090009 /* DeepLinkRouter.swift in Sources */ = {isa = PBXBuildFile; fileRef = C1A2B3D4E5F60009000A /* DeepLinkRouter.swift */; };
		C1A2B3D4E5F6000B000B /* UserProfile.swift in Sources */ = {isa = PBXBuildFile; fileRef = C1A2B3D4E5F6000B000C /* UserProfile.swift */; };
		C1A2B3D4E5F6000D000D /* UserProfileStore.swift in Sources */ = {isa = PBXBuildFile; fileRef = C1A2B3D4E5F6000D000E /* UserProfileStore.swift */; };
		C1A2B3D4E5F6000F000F /* PurchaseManager.swift in Sources */ = {isa = PBXBuildFile; fileRef = C1A2B3D4E5F6000F0010 /* PurchaseManager.swift */; };
		C1A2B3D4E5F60011001 /* PaywallView.swift in Sources */ = {isa = PBXBuildFile; fileRef = C1A2B3D4E5F60011002 /* PaywallView.swift */; };
		C1A2B3D4E5F60015005 /* WeatherService.swift in Sources */ = {isa = PBXBuildFile; fileRef = C1A2B3D4E5F60015006 /* WeatherService.swift */; };
		C1A2B3D4E5F60019009 /* Analytics.swift in Sources */ = {isa = PBXBuildFile; fileRef = C1A2B3D4E5F6001900A /* Analytics.swift */; };
		C1A2B3D4E5F6001B00B /* RecentlyViewedStore.swift in Sources */ = {isa = PBXBuildFile; fileRef = C1A2B3D4E5F6001B00C /* RecentlyViewedStore.swift */; };
		C1A2B3D4E5F6001D00D /* ContinueBrowsingSection.swift in Sources */ = {isa = PBXBuildFile; fileRef = C1A2B3D4E5F6001D00E /* ContinueBrowsingSection.swift */; };
		C1A2B3D4E5F6001F00F /* EmptyStateView.swift in Sources */ = {isa = PBXBuildFile; fileRef = C1A2B3D4E5F6001F010 /* EmptyStateView.swift */; };
		C1A2B3D4E5F60021011 /* TripPlan.swift in Sources */ = {isa = PBXBuildFile; fileRef = C1A2B3D4E5F60021012 /* TripPlan.swift */; };
		C1A2B3D4E5F60023013 /* TripPlanStore.swift in Sources */ = {isa = PBXBuildFile; fileRef = C1A2B3D4E5F60023014 /* TripPlanStore.swift */; };
		C1A2B3D4E5F60025015 /* TripItineraryGenerator.swift in Sources */ = {isa = PBXBuildFile; fileRef = C1A2B3D4E5F60025016 /* TripItineraryGenerator.swift */; };
		C1A2B3D4E5F60027017 /* TripPlanView.swift in Sources */ = {isa = PBXBuildFile; fileRef = C1A2B3D4E5F60027018 /* TripPlanView.swift */; };
		C1A2B3D4E5F6002B01B /* MapClusterer.swift in Sources */ = {isa = PBXBuildFile; fileRef = C1A2B3D4E5F6002B01C /* MapClusterer.swift */; };
		C1A2B3D4E5F6002D01D /* FeedItem.swift in Sources */ = {isa = PBXBuildFile; fileRef = C1A2B3D4E5F6002D01E /* FeedItem.swift */; };
		C1A2B3D4E5F6002F01F /* FeedComposer.swift in Sources */ = {isa = PBXBuildFile; fileRef = C1A2B3D4E5F6002F020 /* FeedComposer.swift */; };
		C1A2B3D4E5F60033023 /* Localizable.xcstrings in Resources */ = {isa = PBXBuildFile; fileRef = C1A2B3D4E5F60033024 /* Localizable.xcstrings */; };
		C1A2B3D4E5F60035025 /* CruiseActivityAttributes.swift in Sources */ = {isa = PBXBuildFile; fileRef = C1A2B3D4E5F60035026 /* CruiseActivityAttributes.swift */; };
		C1A2B3D4E5F60037027 /* LiveActivityManager.swift in Sources */ = {isa = PBXBuildFile; fileRef = C1A2B3D4E5F60037028 /* LiveActivityManager.swift */; };
		C1A2B3D4E5F60039029 /* WidgetSharedData.swift in Sources */ = {isa = PBXBuildFile; fileRef = C1A2B3D4E5F6003902A /* WidgetSharedData.swift */; };
		C1A2B3D4E5F6003B02B /* AppIntents.swift in Sources */ = {isa = PBXBuildFile; fileRef = C1A2B3D4E5F6003B02C /* AppIntents.swift */; };
		C1A2B3D4E5F6003D02D /* NotificationManager.swift in Sources */ = {isa = PBXBuildFile; fileRef = C1A2B3D4E5F6003D02E /* NotificationManager.swift */; };
		C1A2B3D4E5F6003F02F /* SettingsView.swift in Sources */ = {isa = PBXBuildFile; fileRef = C1A2B3D4E5F6003F030 /* SettingsView.swift */; };
		C1A2B3D4E5F60045035 /* AppDelegate.swift in Sources */ = {isa = PBXBuildFile; fileRef = C1A2B3D4E5F60045036 /* AppDelegate.swift */; };
		C1A2B3D4E5F60047037 /* TelemetryDeckBackend.swift in Sources */ = {isa = PBXBuildFile; fileRef = C1A2B3D4E5F60047038 /* TelemetryDeckBackend.swift */; };
		C1A2B3D4E5F60049039 /* ZoomTransition.swift in Sources */ = {isa = PBXBuildFile; fileRef = C1A2B3D4E5F6004903A /* ZoomTransition.swift */; };
		C1A2B3D4E5F6004B03B /* ReactionsService.swift in Sources */ = {isa = PBXBuildFile; fileRef = C1A2B3D4E5F6004B03C /* ReactionsService.swift */; };
		C1A2B3D4E5F6004D03D /* ReactionStrip.swift in Sources */ = {isa = PBXBuildFile; fileRef = C1A2B3D4E5F6004D03E /* ReactionStrip.swift */; };
		C1A2B3D4E5F6004F03F /* RemoteItineraryService.swift in Sources */ = {isa = PBXBuildFile; fileRef = C1A2B3D4E5F60050040 /* RemoteItineraryService.swift */; };
		C1A2B3D4E5F6005104A /* TrendingReactionsService.swift in Sources */ = {isa = PBXBuildFile; fileRef = C1A2B3D4E5F6005204B /* TrendingReactionsService.swift */; };
		C1A2B3D4E5F6005304C /* TrendingSection.swift in Sources */ = {isa = PBXBuildFile; fileRef = C1A2B3D4E5F6005404D /* TrendingSection.swift */; };
		C1A2B3D4E5F6005504E /* ArrivalDetector.swift in Sources */ = {isa = PBXBuildFile; fileRef = C1A2B3D4E5F6005604F /* ArrivalDetector.swift */; };
		C7090070FDA78773F2B3F5E8 /* SearchBar.swift in Sources */ = {isa = PBXBuildFile; fileRef = A540583D2985D01405D96BC8 /* SearchBar.swift */; };
		C8C7269A258E4E7B58F06D5E /* DataManager.swift in Sources */ = {isa = PBXBuildFile; fileRef = D2E0F4681191E58B2BA47750 /* DataManager.swift */; };
		CATE60R1E500000000000001 /* categories.json in Resources */ = {isa = PBXBuildFile; fileRef = CATE60R1E500000000000002 /* categories.json */; };
		CC364EC124A93F0D71B42785 /* CurrencyConverterView.swift in Sources */ = {isa = PBXBuildFile; fileRef = 9242610978DC3254B2295A95 /* CurrencyConverterView.swift */; };
		CC44DD55EE66FF77880001AB /* AnimatedLaunchView.swift in Sources */ = {isa = PBXBuildFile; fileRef = CC44DD55EE66FF77880002AB /* AnimatedLaunchView.swift */; };
		CC44DD55EE66FF77880003AB /* PalmRefreshView.swift in Sources */ = {isa = PBXBuildFile; fileRef = CC44DD55EE66FF77880004AB /* PalmRefreshView.swift */; };
		CD5C62E819AF86FB6AD56E08 /* BusinessDetailView.swift in Sources */ = {isa = PBXBuildFile; fileRef = 35A4C6517E5D79013BBD86F2 /* BusinessDetailView.swift */; };
		D2CCD52E7D09F833F89F074B /* RoatanInsiderApp.swift in Sources */ = {isa = PBXBuildFile; fileRef = C6258ED1366C00347B067090 /* RoatanInsiderApp.swift */; };
		D620DE7D7AB0242F4CFCF3F7 /* ExploreViewModel.swift in Sources */ = {isa = PBXBuildFile; fileRef = 71DC0C34EBA248624D3A1D9A /* ExploreViewModel.swift */; };
		D8C3343F54904A0EE13A261E /* ToolsView.swift in Sources */ = {isa = PBXBuildFile; fileRef = 78C31DA567C4344BAAEA4422 /* ToolsView.swift */; };
		DC9BB0CE144E5F772CC64DFE /* QuickGuidesSection.swift in Sources */ = {isa = PBXBuildFile; fileRef = 7529901218BBFDEC3A98653D /* QuickGuidesSection.swift */; };
		DD55EE66FF77880099001122 /* RatingView.swift in Sources */ = {isa = PBXBuildFile; fileRef = DD55EE66FF77880099003344 /* RatingView.swift */; };
		E1A2B3C4D5E6F70819203142 /* UnitPreference.swift in Sources */ = {isa = PBXBuildFile; fileRef = F7A8B9C0D1E2F31425364758 /* UnitPreference.swift */; };
		E903EF9D22236EC47CC97BA4 /* FilterBar.swift in Sources */ = {isa = PBXBuildFile; fileRef = 84CC167DE37EDF72F3690359 /* FilterBar.swift */; };
		EE66FF77880099AA11220001 /* Phrase.swift in Sources */ = {isa = PBXBuildFile; fileRef = EE66FF77880099AA11220002 /* Phrase.swift */; };
		EE66FF77880099AA11220003 /* SpeechService.swift in Sources */ = {isa = PBXBuildFile; fileRef = EE66FF77880099AA11220004 /* SpeechService.swift */; };
		EE66FF77880099AA11220005 /* PhrasesView.swift in Sources */ = {isa = PBXBuildFile; fileRef = EE66FF77880099AA11220006 /* PhrasesView.swift */; };
		EE66FF77880099AA11220401 /* ToolHeader.swift in Sources */ = {isa = PBXBuildFile; fileRef = EE66FF77880099AA11220402 /* ToolHeader.swift */; };
		EEF8BA396A18D37F3123A9F3 /* MapPinView.swift in Sources */ = {isa = PBXBuildFile; fileRef = C12E0E75C12B18AC014843D2 /* MapPinView.swift */; };
		F5B844BB51EE7839FA9986DD /* AreaGuideView.swift in Sources */ = {isa = PBXBuildFile; fileRef = 136D08D83D445A12DF0BDD78 /* AreaGuideView.swift */; };
		F5C33467F2D5026850EE591D /* CategoryIcon.swift in Sources */ = {isa = PBXBuildFile; fileRef = 92E96A2A0AF97CA265A823A1 /* CategoryIcon.swift */; };
		FCCED8522A7F779F23DB9546 /* SectionHeader.swift in Sources */ = {isa = PBXBuildFile; fileRef = C59651E187E480E7EDB4DF49 /* SectionHeader.swift */; };
		FDEB71B2C218169B5E6FB51C /* AreaGuideDetailView.swift in Sources */ = {isa = PBXBuildFile; fileRef = DC2076FB4F7DEB35747E9167 /* AreaGuideDetailView.swift */; };
/* End PBXBuildFile section */

/* Begin PBXContainerItemProxy section */
		6DC2B9102FBE99F800413663 /* PBXContainerItemProxy */ = {
			isa = PBXContainerItemProxy;
			containerPortal = 075399145CD9F9A8A4421C6C /* Project object */;
			proxyType = 1;
			remoteGlobalIDString = 6DC2B8FF2FBE99F600413663;
			remoteInfo = RoatanInsiderWidgetsExtension;
		};
/* End PBXContainerItemProxy section */

/* Begin PBXCopyFilesBuildPhase section */
		6DC2B9132FBE99F800413663 /* Embed Foundation Extensions */ = {
			isa = PBXCopyFilesBuildPhase;
			buildActionMask = 2147483647;
			dstPath = "";
			dstSubfolderSpec = 13;
			files = (
				6DC2B9122FBE99F800413663 /* RoatanInsiderWidgetsExtension.appex in Embed Foundation Extensions */,
			);
			name = "Embed Foundation Extensions";
			runOnlyForDeploymentPostprocessing = 0;
		};
/* End PBXCopyFilesBuildPhase section */

/* Begin PBXFileReference section */
		1FD0FC2E674C429A8B2BE55D /* HomeHeader.swift */ = {isa = PBXFileReference; lastKnownFileType = sourcecode.swift; path = HomeHeader.swift; sourceTree = "<group>"; };
		7C7E51D8B01B478B90EC5805 /* TodaySection.swift */ = {isa = PBXFileReference; lastKnownFileType = sourcecode.swift; path = TodaySection.swift; sourceTree = "<group>"; };
		EE66FF77880099AA11220502 /* HappyHourListView.swift */ = {isa = PBXFileReference; lastKnownFileType = sourcecode.swift; path = HappyHourListView.swift; sourceTree = "<group>"; };
		EE66FF77880099AA11220702 /* ConditionsBand.swift */ = {isa = PBXFileReference; lastKnownFileType = sourcecode.swift; path = ConditionsBand.swift; sourceTree = "<group>"; };
		EE66FF77880099AA11220704 /* WeatherDetailView.swift */ = {isa = PBXFileReference; lastKnownFileType = sourcecode.swift; path = WeatherDetailView.swift; sourceTree = "<group>"; };
		EE66FF77880099AA11220802 /* WeatherMetricTile.swift */ = {isa = PBXFileReference; lastKnownFileType = sourcecode.swift; path = WeatherMetricTile.swift; sourceTree = "<group>"; };
		EE66FF77880099AA11220804 /* WeatherForecastPanel.swift */ = {isa = PBXFileReference; lastKnownFileType = sourcecode.swift; path = WeatherForecastPanel.swift; sourceTree = "<group>"; };
		EE66FF77880099AA11220806 /* MoonPhase.swift */ = {isa = PBXFileReference; lastKnownFileType = sourcecode.swift; path = MoonPhase.swift; sourceTree = "<group>"; };
		EE66FF77880099AA11220706 /* SunArcView.swift */ = {isa = PBXFileReference; lastKnownFileType = sourcecode.swift; path = SunArcView.swift; sourceTree = "<group>"; };
		66090DD8DED94CCA85443C05 /* InsiderPickSection.swift */ = {isa = PBXFileReference; lastKnownFileType = sourcecode.swift; path = InsiderPickSection.swift; sourceTree = "<group>"; };
		8688C1F4645D45CFBAA41583 /* BrowseSection.swift */ = {isa = PBXFileReference; lastKnownFileType = sourcecode.swift; path = BrowseSection.swift; sourceTree = "<group>"; };
		4D8463608BC840E082358A6A /* Event.swift */ = {isa = PBXFileReference; lastKnownFileType = sourcecode.swift; path = Event.swift; sourceTree = "<group>"; };
		34AE43D6DD884A7A959EAB6B /* CruiseArrival.swift */ = {isa = PBXFileReference; lastKnownFileType = sourcecode.swift; path = CruiseArrival.swift; sourceTree = "<group>"; };
		831D8B217B0E4F00BA64B77F /* CruiseArrivalsService.swift */ = {isa = PBXFileReference; lastKnownFileType = sourcecode.swift; path = CruiseArrivalsService.swift; sourceTree = "<group>"; };
		1647473CF52B4D81B3ACE8C7 /* EventsService.swift */ = {isa = PBXFileReference; lastKnownFileType = sourcecode.swift; path = EventsService.swift; sourceTree = "<group>"; };
		883F325D631D4609B259513A /* EventCalendarHelper.swift */ = {isa = PBXFileReference; lastKnownFileType = sourcecode.swift; path = EventCalendarHelper.swift; sourceTree = "<group>"; };
		C2D8FABB9A2C4441B179E462 /* EventFavoritesStore.swift */ = {isa = PBXFileReference; lastKnownFileType = sourcecode.swift; path = EventFavoritesStore.swift; sourceTree = "<group>"; };
		89B179D5893C4B629DFABB04 /* TonightSection.swift */ = {isa = PBXFileReference; lastKnownFileType = sourcecode.swift; path = TonightSection.swift; sourceTree = "<group>"; };
		DA9D7893C77A4B868C1584C5 /* EventsListView.swift */ = {isa = PBXFileReference; lastKnownFileType = sourcecode.swift; path = EventsListView.swift; sourceTree = "<group>"; };
		255E761E8F1A499E9B9E31B1 /* EventDetailView.swift */ = {isa = PBXFileReference; lastKnownFileType = sourcecode.swift; path = EventDetailView.swift; sourceTree = "<group>"; };
		5685296F95F34F429E3EAE16 /* events.json */ = {isa = PBXFileReference; lastKnownFileType = text.json; path = events.json; sourceTree = "<group>"; };
		4B117EEE15B3462B9729F49E /* cruise_arrivals.json */ = {isa = PBXFileReference; lastKnownFileType = text.json; path = cruise_arrivals.json; sourceTree = "<group>"; };
		0195FA7066564444A2AD86C1 /* MapPopupCard.swift */ = {isa = PBXFileReference; lastKnownFileType = sourcecode.swift; path = MapPopupCard.swift; sourceTree = "<group>"; };
		0A05F076695AC04B8CD07E4F /* Business.swift */ = {isa = PBXFileReference; lastKnownFileType = sourcecode.swift; path = Business.swift; sourceTree = "<group>"; };
		136D08D83D445A12DF0BDD78 /* AreaGuideView.swift */ = {isa = PBXFileReference; lastKnownFileType = sourcecode.swift; path = AreaGuideView.swift; sourceTree = "<group>"; };
		179BA40591A489E6690226B8 /* businesses.json */ = {isa = PBXFileReference; lastKnownFileType = text.json; path = businesses.json; sourceTree = "<group>"; };
		184A4AB40EF1F2D2FE0EAB19 /* areas.json */ = {isa = PBXFileReference; lastKnownFileType = text.json; path = areas.json; sourceTree = "<group>"; };
		20C92DD6E4FC1FFDC07625C8 /* HomeView.swift */ = {isa = PBXFileReference; lastKnownFileType = sourcecode.swift; path = HomeView.swift; sourceTree = "<group>"; };
		2F22F7E1102E1D308B79DA47 /* MapViewModel.swift */ = {isa = PBXFileReference; lastKnownFileType = sourcecode.swift; path = MapViewModel.swift; sourceTree = "<group>"; };
		35A4C6517E5D79013BBD86F2 /* BusinessDetailView.swift */ = {isa = PBXFileReference; lastKnownFileType = sourcecode.swift; path = BusinessDetailView.swift; sourceTree = "<group>"; };
		36112C333F250CC64E4826D3 /* MapTabView.swift */ = {isa = PBXFileReference; lastKnownFileType = sourcecode.swift; path = MapTabView.swift; sourceTree = "<group>"; };
		389B96AE42FCC81DEE6EF792 /* FavoritesViewModel.swift */ = {isa = PBXFileReference; lastKnownFileType = sourcecode.swift; path = FavoritesViewModel.swift; sourceTree = "<group>"; };
		42DA2C4F7D608011B2EDFCD6 /* BusinessCard.swift */ = {isa = PBXFileReference; lastKnownFileType = sourcecode.swift; path = BusinessCard.swift; sourceTree = "<group>"; };
		433AD38C22538BD20ED17140 /* ContactActions.swift */ = {isa = PBXFileReference; lastKnownFileType = sourcecode.swift; path = ContactActions.swift; sourceTree = "<group>"; };
		44663F107017ED1A955889AE /* PriceRangeView.swift */ = {isa = PBXFileReference; lastKnownFileType = sourcecode.swift; path = PriceRangeView.swift; sourceTree = "<group>"; };
		4536C00FCFCC7EE02B6191F8 /* RoatanInsider.app */ = {isa = PBXFileReference; explicitFileType = wrapper.application; includeInIndex = 0; path = RoatanInsider.app; sourceTree = BUILT_PRODUCTS_DIR; };
		4611149A9B0F906F8558EE2F /* SkeletonView.swift */ = {isa = PBXFileReference; lastKnownFileType = sourcecode.swift; path = SkeletonView.swift; sourceTree = "<group>"; };
		510C3B6295519CEB5456C37E /* ContentView.swift */ = {isa = PBXFileReference; lastKnownFileType = sourcecode.swift; path = ContentView.swift; sourceTree = "<group>"; };
		52133D52DF9293C51F2C38DF /* cruise-coxen-hole.json */ = {isa = PBXFileReference; lastKnownFileType = text.json; path = "cruise-coxen-hole.json"; sourceTree = "<group>"; };
		63FC53A49F6C4F4E5D210CB8 /* Category.swift */ = {isa = PBXFileReference; lastKnownFileType = sourcecode.swift; path = Category.swift; sourceTree = "<group>"; };
		678158A014617021CE7178F9 /* MiniMapView.swift */ = {isa = PBXFileReference; lastKnownFileType = sourcecode.swift; path = MiniMapView.swift; sourceTree = "<group>"; };
		6D34605D2FBEAE4F002D4BF5 /* Info.plist */ = {isa = PBXFileReference; lastKnownFileType = text.plist.xml; path = Info.plist; sourceTree = "<group>"; };
		6D93F8AF9DD468264D391896 /* FavoritesStore.swift */ = {isa = PBXFileReference; lastKnownFileType = sourcecode.swift; path = FavoritesStore.swift; sourceTree = "<group>"; };
		6DC2B9002FBE99F600413663 /* RoatanInsiderWidgetsExtension.appex */ = {isa = PBXFileReference; explicitFileType = "wrapper.app-extension"; includeInIndex = 0; path = RoatanInsiderWidgetsExtension.appex; sourceTree = BUILT_PRODUCTS_DIR; };
		6DC2B9022FBE99F600413663 /* WidgetKit.framework */ = {isa = PBXFileReference; lastKnownFileType = wrapper.framework; name = WidgetKit.framework; path = System/Library/Frameworks/WidgetKit.framework; sourceTree = SDKROOT; };
		6DC2B9042FBE99F600413663 /* SwiftUI.framework */ = {isa = PBXFileReference; lastKnownFileType = wrapper.framework; name = SwiftUI.framework; path = System/Library/Frameworks/SwiftUI.framework; sourceTree = SDKROOT; };
		6DC2B91F2FBE9B0E00413663 /* RoatanInsider.entitlements */ = {isa = PBXFileReference; lastKnownFileType = text.plist.entitlements; path = RoatanInsider.entitlements; sourceTree = "<group>"; };
		6DC2B9202FBE9B3400413663 /* RoatanInsiderWidgetsExtension.entitlements */ = {isa = PBXFileReference; lastKnownFileType = text.plist.entitlements; path = RoatanInsiderWidgetsExtension.entitlements; sourceTree = "<group>"; };
		6E372D20A681F4605FF9F95E /* Fonts.swift */ = {isa = PBXFileReference; lastKnownFileType = sourcecode.swift; path = Fonts.swift; sourceTree = "<group>"; };
		6ED16F04793732E4FF32E158 /* essentials.json */ = {isa = PBXFileReference; lastKnownFileType = text.json; path = essentials.json; sourceTree = "<group>"; };
		71DC0C34EBA248624D3A1D9A /* ExploreViewModel.swift */ = {isa = PBXFileReference; lastKnownFileType = sourcecode.swift; path = ExploreViewModel.swift; sourceTree = "<group>"; };
		7529901218BBFDEC3A98653D /* QuickGuidesSection.swift */ = {isa = PBXFileReference; lastKnownFileType = sourcecode.swift; path = QuickGuidesSection.swift; sourceTree = "<group>"; };
		75ACB383FC33499CC46A8D24 /* TipCalculatorView.swift */ = {isa = PBXFileReference; lastKnownFileType = sourcecode.swift; path = TipCalculatorView.swift; sourceTree = "<group>"; };
		78C31DA567C4344BAAEA4422 /* ToolsView.swift */ = {isa = PBXFileReference; lastKnownFileType = sourcecode.swift; path = ToolsView.swift; sourceTree = "<group>"; };
		8337FBFA3BB1CD2AA9D61C79 /* PhotoGallery.swift */ = {isa = PBXFileReference; lastKnownFileType = sourcecode.swift; path = PhotoGallery.swift; sourceTree = "<group>"; };
		84CC167DE37EDF72F3690359 /* FilterBar.swift */ = {isa = PBXFileReference; lastKnownFileType = sourcecode.swift; path = FilterBar.swift; sourceTree = "<group>"; };
		8B708D588E7F11A4C26B7999 /* IslandEssentialsView.swift */ = {isa = PBXFileReference; lastKnownFileType = sourcecode.swift; path = IslandEssentialsView.swift; sourceTree = "<group>"; };
		8EEC4EF8709E310E256F3EFE /* CruiseDayGuideView.swift */ = {isa = PBXFileReference; lastKnownFileType = sourcecode.swift; path = CruiseDayGuideView.swift; sourceTree = "<group>"; };
		91A9A634F3CE5F95335B4A75 /* SearchEngine.swift */ = {isa = PBXFileReference; lastKnownFileType = sourcecode.swift; path = SearchEngine.swift; sourceTree = "<group>"; };
		9242610978DC3254B2295A95 /* CurrencyConverterView.swift */ = {isa = PBXFileReference; lastKnownFileType = sourcecode.swift; path = CurrencyConverterView.swift; sourceTree = "<group>"; };
		92E96A2A0AF97CA265A823A1 /* CategoryIcon.swift */ = {isa = PBXFileReference; lastKnownFileType = sourcecode.swift; path = CategoryIcon.swift; sourceTree = "<group>"; };
		A18F1A4D4896C2BD9A9358BB /* ToolsViewModel.swift */ = {isa = PBXFileReference; lastKnownFileType = sourcecode.swift; path = ToolsViewModel.swift; sourceTree = "<group>"; };
		A540583D2985D01405D96BC8 /* SearchBar.swift */ = {isa = PBXFileReference; lastKnownFileType = sourcecode.swift; path = SearchBar.swift; sourceTree = "<group>"; };
		A7242144E4B8E49A85DEFD47 /* cruise-mahogany-bay.json */ = {isa = PBXFileReference; lastKnownFileType = text.json; path = "cruise-mahogany-bay.json"; sourceTree = "<group>"; };
		AA00BB11CC22DD33EE44FF02 /* PrivacyInfo.xcprivacy */ = {isa = PBXFileReference; lastKnownFileType = text.xml; path = PrivacyInfo.xcprivacy; sourceTree = "<group>"; };
		AA22BB33CC44DD55EE66FF02 /* Haptics.swift */ = {isa = PBXFileReference; lastKnownFileType = sourcecode.swift; path = Haptics.swift; sourceTree = "<group>"; };
		AA22BB33CC44DD55EE66FF04 /* CruiseViewModel.swift */ = {isa = PBXFileReference; lastKnownFileType = sourcecode.swift; path = CruiseViewModel.swift; sourceTree = "<group>"; };
		AA22BB33CC44DD55EE66FF08 /* CruiseModeView.swift */ = {isa = PBXFileReference; lastKnownFileType = sourcecode.swift; path = CruiseModeView.swift; sourceTree = "<group>"; };
		AA22BB33CC44DD55EE66FF0A /* AskALocalView.swift */ = {isa = PBXFileReference; lastKnownFileType = sourcecode.swift; path = AskALocalView.swift; sourceTree = "<group>"; };
		AA22BB33CC44DD55EE66FF0C /* RightNowSection.swift */ = {isa = PBXFileReference; lastKnownFileType = sourcecode.swift; path = RightNowSection.swift; sourceTree = "<group>"; };
		AA22BB33CC44DD55EE66FF0E /* OnboardingView.swift */ = {isa = PBXFileReference; lastKnownFileType = sourcecode.swift; path = OnboardingView.swift; sourceTree = "<group>"; };
		AAFF1122334455660002 /* RemoteDataService.swift */ = {isa = PBXFileReference; lastKnownFileType = sourcecode.swift; path = RemoteDataService.swift; sourceTree = "<group>"; };
		AAFF1122334455660004 /* ask-a-local.json */ = {isa = PBXFileReference; lastKnownFileType = text.json; path = "ask-a-local.json"; sourceTree = "<group>"; };
		AEC204C0715C10682D6C667F /* OpenStatusBadge.swift */ = {isa = PBXFileReference; lastKnownFileType = sourcecode.swift; path = OpenStatusBadge.swift; sourceTree = "<group>"; };
		B2C3D4E5F6071829A3B4C5D6 /* BusinessImageView.swift */ = {isa = PBXFileReference; lastKnownFileType = sourcecode.swift; path = BusinessImageView.swift; sourceTree = "<group>"; };
		B8252ED2B7A6B024DABC997B /* ExploreView.swift */ = {isa = PBXFileReference; lastKnownFileType = sourcecode.swift; path = ExploreView.swift; sourceTree = "<group>"; };
		B8CBE2E226575D5AA1E8F25D /* LocationManager.swift */ = {isa = PBXFileReference; lastKnownFileType = sourcecode.swift; path = LocationManager.swift; sourceTree = "<group>"; };
		BA9E6BAAFFD476DF7857E10B /* Colors.swift */ = {isa = PBXFileReference; lastKnownFileType = sourcecode.swift; path = Colors.swift; sourceTree = "<group>"; };
		BB22CC33DD44EE55FF660011 /* NetworkMonitor.swift */ = {isa = PBXFileReference; lastKnownFileType = sourcecode.swift; path = NetworkMonitor.swift; sourceTree = "<group>"; };
		BB33CC44DD55EE66FF770012 /* SunsetCalculator.swift */ = {isa = PBXFileReference; lastKnownFileType = sourcecode.swift; path = SunsetCalculator.swift; sourceTree = "<group>"; };
		BB33CC44DD55EE66FF770014 /* SafetyCardView.swift */ = {isa = PBXFileReference; lastKnownFileType = sourcecode.swift; path = SafetyCardView.swift; sourceTree = "<group>"; };
		BB33CC44DD55EE66FF770016 /* CollectionsSection.swift */ = {isa = PBXFileReference; lastKnownFileType = sourcecode.swift; path = CollectionsSection.swift; sourceTree = "<group>"; };
		BB33CC44DD55EE66FF77001A /* ShareableBusinessCard.swift */ = {isa = PBXFileReference; lastKnownFileType = sourcecode.swift; path = ShareableBusinessCard.swift; sourceTree = "<group>"; };
		C12E0E75C12B18AC014843D2 /* MapPinView.swift */ = {isa = PBXFileReference; lastKnownFileType = sourcecode.swift; path = MapPinView.swift; sourceTree = "<group>"; };
		C1A2B3D4E5F600010002 /* ImageCache.swift */ = {isa = PBXFileReference; lastKnownFileType = sourcecode.swift; path = ImageCache.swift; sourceTree = "<group>"; };
		C1A2B3D4E5F600030004 /* CachedRemoteImage.swift */ = {isa = PBXFileReference; lastKnownFileType = sourcecode.swift; path = CachedRemoteImage.swift; sourceTree = "<group>"; };
		C1A2B3D4E5F600050006 /* AppLog.swift */ = {isa = PBXFileReference; lastKnownFileType = sourcecode.swift; path = AppLog.swift; sourceTree = "<group>"; };
		C1A2B3D4E5F600070008 /* SearchSynonyms.swift */ = {isa = PBXFileReference; lastKnownFileType = sourcecode.swift; path = SearchSynonyms.swift; sourceTree = "<group>"; };
		C1A2B3D4E5F60009000A /* DeepLinkRouter.swift */ = {isa = PBXFileReference; lastKnownFileType = sourcecode.swift; path = DeepLinkRouter.swift; sourceTree = "<group>"; };
		C1A2B3D4E5F6000B000C /* UserProfile.swift */ = {isa = PBXFileReference; lastKnownFileType = sourcecode.swift; path = UserProfile.swift; sourceTree = "<group>"; };
		C1A2B3D4E5F6000D000E /* UserProfileStore.swift */ = {isa = PBXFileReference; lastKnownFileType = sourcecode.swift; path = UserProfileStore.swift; sourceTree = "<group>"; };
		C1A2B3D4E5F6000F0010 /* PurchaseManager.swift */ = {isa = PBXFileReference; lastKnownFileType = sourcecode.swift; path = PurchaseManager.swift; sourceTree = "<group>"; };
		C1A2B3D4E5F60011002 /* PaywallView.swift */ = {isa = PBXFileReference; lastKnownFileType = sourcecode.swift; path = PaywallView.swift; sourceTree = "<group>"; };
		C1A2B3D4E5F60015006 /* WeatherService.swift */ = {isa = PBXFileReference; lastKnownFileType = sourcecode.swift; path = WeatherService.swift; sourceTree = "<group>"; };
		C1A2B3D4E5F6001900A /* Analytics.swift */ = {isa = PBXFileReference; lastKnownFileType = sourcecode.swift; path = Analytics.swift; sourceTree = "<group>"; };
		C1A2B3D4E5F6001B00C /* RecentlyViewedStore.swift */ = {isa = PBXFileReference; lastKnownFileType = sourcecode.swift; path = RecentlyViewedStore.swift; sourceTree = "<group>"; };
		C1A2B3D4E5F6001D00E /* ContinueBrowsingSection.swift */ = {isa = PBXFileReference; lastKnownFileType = sourcecode.swift; path = ContinueBrowsingSection.swift; sourceTree = "<group>"; };
		C1A2B3D4E5F6001F010 /* EmptyStateView.swift */ = {isa = PBXFileReference; lastKnownFileType = sourcecode.swift; path = EmptyStateView.swift; sourceTree = "<group>"; };
		C1A2B3D4E5F60021012 /* TripPlan.swift */ = {isa = PBXFileReference; lastKnownFileType = sourcecode.swift; path = TripPlan.swift; sourceTree = "<group>"; };
		C1A2B3D4E5F60023014 /* TripPlanStore.swift */ = {isa = PBXFileReference; lastKnownFileType = sourcecode.swift; path = TripPlanStore.swift; sourceTree = "<group>"; };
		C1A2B3D4E5F60025016 /* TripItineraryGenerator.swift */ = {isa = PBXFileReference; lastKnownFileType = sourcecode.swift; path = TripItineraryGenerator.swift; sourceTree = "<group>"; };
		C1A2B3D4E5F60027018 /* TripPlanView.swift */ = {isa = PBXFileReference; lastKnownFileType = sourcecode.swift; path = TripPlanView.swift; sourceTree = "<group>"; };
		C1A2B3D4E5F6002B01C /* MapClusterer.swift */ = {isa = PBXFileReference; lastKnownFileType = sourcecode.swift; path = MapClusterer.swift; sourceTree = "<group>"; };
		C1A2B3D4E5F6002D01E /* FeedItem.swift */ = {isa = PBXFileReference; lastKnownFileType = sourcecode.swift; path = FeedItem.swift; sourceTree = "<group>"; };
		C1A2B3D4E5F6002F020 /* FeedComposer.swift */ = {isa = PBXFileReference; lastKnownFileType = sourcecode.swift; path = FeedComposer.swift; sourceTree = "<group>"; };
		C1A2B3D4E5F60033024 /* Localizable.xcstrings */ = {isa = PBXFileReference; lastKnownFileType = text.json.xcstrings; name = Localizable.xcstrings; path = Resources/Localizable.xcstrings; sourceTree = "<group>"; };
		C1A2B3D4E5F60035026 /* CruiseActivityAttributes.swift */ = {isa = PBXFileReference; lastKnownFileType = sourcecode.swift; path = CruiseActivityAttributes.swift; sourceTree = "<group>"; };
		C1A2B3D4E5F60037028 /* LiveActivityManager.swift */ = {isa = PBXFileReference; lastKnownFileType = sourcecode.swift; path = LiveActivityManager.swift; sourceTree = "<group>"; };
		C1A2B3D4E5F6003902A /* WidgetSharedData.swift */ = {isa = PBXFileReference; lastKnownFileType = sourcecode.swift; path = WidgetSharedData.swift; sourceTree = "<group>"; };
		C1A2B3D4E5F6003B02C /* AppIntents.swift */ = {isa = PBXFileReference; lastKnownFileType = sourcecode.swift; path = AppIntents.swift; sourceTree = "<group>"; };
		C1A2B3D4E5F6003D02E /* NotificationManager.swift */ = {isa = PBXFileReference; lastKnownFileType = sourcecode.swift; path = NotificationManager.swift; sourceTree = "<group>"; };
		C1A2B3D4E5F6003F030 /* SettingsView.swift */ = {isa = PBXFileReference; lastKnownFileType = sourcecode.swift; path = SettingsView.swift; sourceTree = "<group>"; };
		C1A2B3D4E5F60043033 /* InsiderPlus.storekit */ = {isa = PBXFileReference; lastKnownFileType = file.storekit; name = InsiderPlus.storekit; path = Resources/InsiderPlus.storekit; sourceTree = "<group>"; };
		C1A2B3D4E5F60045036 /* AppDelegate.swift */ = {isa = PBXFileReference; lastKnownFileType = sourcecode.swift; path = AppDelegate.swift; sourceTree = "<group>"; };
		C1A2B3D4E5F60047038 /* TelemetryDeckBackend.swift */ = {isa = PBXFileReference; lastKnownFileType = sourcecode.swift; path = TelemetryDeckBackend.swift; sourceTree = "<group>"; };
		C1A2B3D4E5F6004903A /* ZoomTransition.swift */ = {isa = PBXFileReference; lastKnownFileType = sourcecode.swift; path = ZoomTransition.swift; sourceTree = "<group>"; };
		C1A2B3D4E5F6004B03C /* ReactionsService.swift */ = {isa = PBXFileReference; lastKnownFileType = sourcecode.swift; path = ReactionsService.swift; sourceTree = "<group>"; };
		C1A2B3D4E5F6004D03E /* ReactionStrip.swift */ = {isa = PBXFileReference; lastKnownFileType = sourcecode.swift; path = ReactionStrip.swift; sourceTree = "<group>"; };
		C1A2B3D4E5F60050040 /* RemoteItineraryService.swift */ = {isa = PBXFileReference; lastKnownFileType = sourcecode.swift; path = RemoteItineraryService.swift; sourceTree = "<group>"; };
		C1A2B3D4E5F6005204B /* TrendingReactionsService.swift */ = {isa = PBXFileReference; lastKnownFileType = sourcecode.swift; path = TrendingReactionsService.swift; sourceTree = "<group>"; };
		C1A2B3D4E5F6005404D /* TrendingSection.swift */ = {isa = PBXFileReference; lastKnownFileType = sourcecode.swift; path = TrendingSection.swift; sourceTree = "<group>"; };
		C1A2B3D4E5F6005604F /* ArrivalDetector.swift */ = {isa = PBXFileReference; lastKnownFileType = sourcecode.swift; path = ArrivalDetector.swift; sourceTree = "<group>"; };
		C25E7EE11F9B4BA8863E1EC0 /* ExchangeRateService.swift */ = {isa = PBXFileReference; lastKnownFileType = sourcecode.swift; path = ExchangeRateService.swift; sourceTree = "<group>"; };
		C414E435A7648730B69DDDD4 /* Favorite.swift */ = {isa = PBXFileReference; lastKnownFileType = sourcecode.swift; path = Favorite.swift; sourceTree = "<group>"; };
		C51054B681FC2110BFBBA3B9 /* Constants.swift */ = {isa = PBXFileReference; lastKnownFileType = sourcecode.swift; path = Constants.swift; sourceTree = "<group>"; };
		EE66FF77880099AA11220602 /* TravelEstimate.swift */ = {isa = PBXFileReference; lastKnownFileType = sourcecode.swift; path = TravelEstimate.swift; sourceTree = "<group>"; };
		C59651E187E480E7EDB4DF49 /* SectionHeader.swift */ = {isa = PBXFileReference; lastKnownFileType = sourcecode.swift; path = SectionHeader.swift; sourceTree = "<group>"; };
		C6258ED1366C00347B067090 /* RoatanInsiderApp.swift */ = {isa = PBXFileReference; lastKnownFileType = sourcecode.swift; path = RoatanInsiderApp.swift; sourceTree = "<group>"; };
		CATE60R1E500000000000002 /* categories.json */ = {isa = PBXFileReference; lastKnownFileType = text.json; path = categories.json; sourceTree = "<group>"; };
		CC44DD55EE66FF77880002AB /* AnimatedLaunchView.swift */ = {isa = PBXFileReference; lastKnownFileType = sourcecode.swift; path = AnimatedLaunchView.swift; sourceTree = "<group>"; };
		CC44DD55EE66FF77880004AB /* PalmRefreshView.swift */ = {isa = PBXFileReference; lastKnownFileType = sourcecode.swift; path = PalmRefreshView.swift; sourceTree = "<group>"; };
		CEB8B7661998E6D132F5842E /* Area.swift */ = {isa = PBXFileReference; lastKnownFileType = sourcecode.swift; path = Area.swift; sourceTree = "<group>"; };
		D2E0F4681191E58B2BA47750 /* DataManager.swift */ = {isa = PBXFileReference; lastKnownFileType = sourcecode.swift; path = DataManager.swift; sourceTree = "<group>"; };
		D3CC41408A026EF99B71056B /* FavoriteButton.swift */ = {isa = PBXFileReference; lastKnownFileType = sourcecode.swift; path = FavoriteButton.swift; sourceTree = "<group>"; };
		DC2076FB4F7DEB35747E9167 /* AreaGuideDetailView.swift */ = {isa = PBXFileReference; lastKnownFileType = sourcecode.swift; path = AreaGuideDetailView.swift; sourceTree = "<group>"; };
		DD55EE66FF77880099003344 /* RatingView.swift */ = {isa = PBXFileReference; lastKnownFileType = sourcecode.swift; path = RatingView.swift; sourceTree = "<group>"; };
		DEF0097318F6AEE97EB0C03E /* Guide.swift */ = {isa = PBXFileReference; lastKnownFileType = sourcecode.swift; path = Guide.swift; sourceTree = "<group>"; };
		EE66FF77880099AA11220002 /* Phrase.swift */ = {isa = PBXFileReference; lastKnownFileType = sourcecode.swift; path = Phrase.swift; sourceTree = "<group>"; };
		EE66FF77880099AA11220004 /* SpeechService.swift */ = {isa = PBXFileReference; lastKnownFileType = sourcecode.swift; path = SpeechService.swift; sourceTree = "<group>"; };
		EE66FF77880099AA11220006 /* PhrasesView.swift */ = {isa = PBXFileReference; lastKnownFileType = sourcecode.swift; path = PhrasesView.swift; sourceTree = "<group>"; };
		EE66FF77880099AA11220402 /* ToolHeader.swift */ = {isa = PBXFileReference; lastKnownFileType = sourcecode.swift; path = ToolHeader.swift; sourceTree = "<group>"; };
		F1E2D3C4B5A6978012345678 /* MenuGalleryView.swift */ = {isa = PBXFileReference; lastKnownFileType = sourcecode.swift; path = MenuGalleryView.swift; sourceTree = "<group>"; };
		F42C0F536141123397F12BB3 /* Extensions.swift */ = {isa = PBXFileReference; lastKnownFileType = sourcecode.swift; path = Extensions.swift; sourceTree = "<group>"; };
		F73B201D3F8FCB88366DA9E3 /* Assets.xcassets */ = {isa = PBXFileReference; lastKnownFileType = folder.assetcatalog; path = Assets.xcassets; sourceTree = "<group>"; };
		F7A8B9C0D1E2F31425364758 /* UnitPreference.swift */ = {isa = PBXFileReference; lastKnownFileType = sourcecode.swift; path = UnitPreference.swift; sourceTree = "<group>"; };
/* End PBXFileReference section */

/* Begin PBXFileSystemSynchronizedBuildFileExceptionSet section */
		6DC2B9162FBE99F800413663 /* PBXFileSystemSynchronizedBuildFileExceptionSet */ = {
			isa = PBXFileSystemSynchronizedBuildFileExceptionSet;
			membershipExceptions = (
				Info.plist,
			);
			target = 6DC2B8FF2FBE99F600413663 /* RoatanInsiderWidgetsExtension */;
		};
		6DC2B9272FBE9FFA00413663 /* PBXFileSystemSynchronizedBuildFileExceptionSet */ = {
			isa = PBXFileSystemSynchronizedBuildFileExceptionSet;
			membershipExceptions = (
				Info.plist,
			);
			target = B59D87CA94FBA14BEE5F2244 /* RoatanInsider */;
		};
/* End PBXFileSystemSynchronizedBuildFileExceptionSet section */

/* Begin PBXFileSystemSynchronizedRootGroup section */
		6DC2B9062FBE99F600413663 /* RoatanInsiderWidgets */ = {isa = PBXFileSystemSynchronizedRootGroup; exceptions = (6DC2B9272FBE9FFA00413663 /* PBXFileSystemSynchronizedBuildFileExceptionSet */, 6DC2B9162FBE99F800413663 /* PBXFileSystemSynchronizedBuildFileExceptionSet */, ); explicitFileTypes = {}; explicitFolders = (); path = RoatanInsiderWidgets; sourceTree = "<group>"; };
/* End PBXFileSystemSynchronizedRootGroup section */

/* Begin PBXFrameworksBuildPhase section */
		6DC2B8FD2FBE99F600413663 /* Frameworks */ = {
			isa = PBXFrameworksBuildPhase;
			buildActionMask = 2147483647;
			files = (
				6DC2B9052FBE99F600413663 /* SwiftUI.framework in Frameworks */,
				6DC2B9032FBE99F600413663 /* WidgetKit.framework in Frameworks */,
			);
			runOnlyForDeploymentPostprocessing = 0;
		};
		D4C45C4C609CA7330BD15454 /* Frameworks */ = {
			isa = PBXFrameworksBuildPhase;
			buildActionMask = 2147483647;
			files = (
				3430D22E527A455DAB8AF544 /* Sentry in Frameworks */,
			);
			runOnlyForDeploymentPostprocessing = 0;
		};
/* End PBXFrameworksBuildPhase section */

/* Begin PBXGroup section */
		1173103CA55AB4370D3528F6 /* Models */ = {
			isa = PBXGroup;
			children = (
				4D8463608BC840E082358A6A /* Event.swift */,
				34AE43D6DD884A7A959EAB6B /* CruiseArrival.swift */,
				CEB8B7661998E6D132F5842E /* Area.swift */,
				0A05F076695AC04B8CD07E4F /* Business.swift */,
				63FC53A49F6C4F4E5D210CB8 /* Category.swift */,
				C414E435A7648730B69DDDD4 /* Favorite.swift */,
				C1A2B3D4E5F6000B000C /* UserProfile.swift */,
				C1A2B3D4E5F60021012 /* TripPlan.swift */,
				C1A2B3D4E5F6002D01E /* FeedItem.swift */,
				C1A2B3D4E5F60035026 /* CruiseActivityAttributes.swift */,
				DEF0097318F6AEE97EB0C03E /* Guide.swift */,
				EE66FF77880099AA11220002 /* Phrase.swift */,
			);
			path = Models;
			sourceTree = "<group>";
		};
		471578CBB5CA3667CA526A32 /* Guides */ = {
			isa = PBXGroup;
			children = (
				DC2076FB4F7DEB35747E9167 /* AreaGuideDetailView.swift */,
				136D08D83D445A12DF0BDD78 /* AreaGuideView.swift */,
				AA22BB33CC44DD55EE66FF0A /* AskALocalView.swift */,
				8EEC4EF8709E310E256F3EFE /* CruiseDayGuideView.swift */,
				8B708D588E7F11A4C26B7999 /* IslandEssentialsView.swift */,
			);
			path = Guides;
			sourceTree = "<group>";
		};
		4A126535AEA06493F821AD41 /* Data */ = {
			isa = PBXGroup;
			children = (
				5685296F95F34F429E3EAE16 /* events.json */,
				4B117EEE15B3462B9729F49E /* cruise_arrivals.json */,
				9A445F6A7986016E282AA77D /* guides */,
				D2E0F4681191E58B2BA47750 /* DataManager.swift */,
				184A4AB40EF1F2D2FE0EAB19 /* areas.json */,
				179BA40591A489E6690226B8 /* businesses.json */,
				CATE60R1E500000000000002 /* categories.json */,
			);
			path = Data;
			sourceTree = "<group>";
		};
		5F98C5777FDE51D00E6CC5D6 /* RoatanInsider */ = {
			isa = PBXGroup;
			children = (
				6D34605D2FBEAE4F002D4BF5 /* Info.plist */,
				6DC2B91F2FBE9B0E00413663 /* RoatanInsider.entitlements */,
				4A126535AEA06493F821AD41 /* Data */,
				1173103CA55AB4370D3528F6 /* Models */,
				DBA16712620E6653B7866FC9 /* Services */,
				E2FEEA5FE3EF9B13DA776725 /* Utilities */,
				9C866EFFEB5A6CCC2196EF16 /* ViewModels */,
				D9ECAD058B2A94FAD57A9B9D /* Views */,
				510C3B6295519CEB5456C37E /* ContentView.swift */,
				C6258ED1366C00347B067090 /* RoatanInsiderApp.swift */,
				C1A2B3D4E5F60045036 /* AppDelegate.swift */,
				F73B201D3F8FCB88366DA9E3 /* Assets.xcassets */,
				AA00BB11CC22DD33EE44FF02 /* PrivacyInfo.xcprivacy */,
				C1A2B3D4E5F60033024 /* Localizable.xcstrings */,
				C1A2B3D4E5F60043033 /* InsiderPlus.storekit */,
			);
			path = RoatanInsider;
			sourceTree = "<group>";
		};
		6102130A33B29F5DBD4CF5FB /* Map */ = {
			isa = PBXGroup;
			children = (
				C12E0E75C12B18AC014843D2 /* MapPinView.swift */,
				0195FA7066564444A2AD86C1 /* MapPopupCard.swift */,
				36112C333F250CC64E4826D3 /* MapTabView.swift */,
			);
			path = Map;
			sourceTree = "<group>";
		};
		6AC5A770C379D07F61854276 /* Tools */ = {
			isa = PBXGroup;
			children = (
				9242610978DC3254B2295A95 /* CurrencyConverterView.swift */,
				EE66FF77880099AA11220006 /* PhrasesView.swift */,
				EE66FF77880099AA11220402 /* ToolHeader.swift */,
				BB33CC44DD55EE66FF770014 /* SafetyCardView.swift */,
				75ACB383FC33499CC46A8D24 /* TipCalculatorView.swift */,
				78C31DA567C4344BAAEA4422 /* ToolsView.swift */,
			);
			path = Tools;
			sourceTree = "<group>";
		};
		6DC2B9012FBE99F600413663 /* Frameworks */ = {
			isa = PBXGroup;
			children = (
				6DC2B9022FBE99F600413663 /* WidgetKit.framework */,
				6DC2B9042FBE99F600413663 /* SwiftUI.framework */,
			);
			name = Frameworks;
			sourceTree = "<group>";
		};
		8A107D8FC1B6AEAB2517CBAB /* Explore */ = {
			isa = PBXGroup;
			children = (
				B8252ED2B7A6B024DABC997B /* ExploreView.swift */,
				84CC167DE37EDF72F3690359 /* FilterBar.swift */,
				A540583D2985D01405D96BC8 /* SearchBar.swift */,
			);
			path = Explore;
			sourceTree = "<group>";
		};
		8EAA44BDA91D75EFD720DBE0 = {
			isa = PBXGroup;
			children = (
				6DC2B9202FBE9B3400413663 /* RoatanInsiderWidgetsExtension.entitlements */,
				5F98C5777FDE51D00E6CC5D6 /* RoatanInsider */,
				6DC2B9062FBE99F600413663 /* RoatanInsiderWidgets */,
				6DC2B9012FBE99F600413663 /* Frameworks */,
				DE99B7E59537CB66CADB396E /* Products */,
			);
			sourceTree = "<group>";
		};
		9A445F6A7986016E282AA77D /* guides */ = {
			isa = PBXGroup;
			children = (
				52133D52DF9293C51F2C38DF /* cruise-coxen-hole.json */,
				A7242144E4B8E49A85DEFD47 /* cruise-mahogany-bay.json */,
				6ED16F04793732E4FF32E158 /* essentials.json */,
				AAFF1122334455660004 /* ask-a-local.json */,
			);
			path = guides;
			sourceTree = "<group>";
		};
		9C866EFFEB5A6CCC2196EF16 /* ViewModels */ = {
			isa = PBXGroup;
			children = (
				AA22BB33CC44DD55EE66FF04 /* CruiseViewModel.swift */,
				71DC0C34EBA248624D3A1D9A /* ExploreViewModel.swift */,
				389B96AE42FCC81DEE6EF792 /* FavoritesViewModel.swift */,
				2F22F7E1102E1D308B79DA47 /* MapViewModel.swift */,
				A18F1A4D4896C2BD9A9358BB /* ToolsViewModel.swift */,
			);
			path = ViewModels;
			sourceTree = "<group>";
		};
		AA22BB33CC44DD55EE66FF20 /* CruiseMode */ = {
			isa = PBXGroup;
			children = (
				AA22BB33CC44DD55EE66FF08 /* CruiseModeView.swift */,
			);
			path = CruiseMode;
			sourceTree = "<group>";
		};
		AA22BB33CC44DD55EE66FF30 /* Onboarding */ = {
			isa = PBXGroup;
			children = (
				AA22BB33CC44DD55EE66FF0E /* OnboardingView.swift */,
			);
			path = Onboarding;
			sourceTree = "<group>";
		};
		B837B38185D1D5A63E8550A7 /* Components */ = {
			isa = PBXGroup;
			children = (
				CC44DD55EE66FF77880002AB /* AnimatedLaunchView.swift */,
				42DA2C4F7D608011B2EDFCD6 /* BusinessCard.swift */,
				B2C3D4E5F6071829A3B4C5D6 /* BusinessImageView.swift */,
				C1A2B3D4E5F600030004 /* CachedRemoteImage.swift */,
				C1A2B3D4E5F6001F010 /* EmptyStateView.swift */,
				C1A2B3D4E5F6004D03E /* ReactionStrip.swift */,
				92E96A2A0AF97CA265A823A1 /* CategoryIcon.swift */,
				D3CC41408A026EF99B71056B /* FavoriteButton.swift */,
				AEC204C0715C10682D6C667F /* OpenStatusBadge.swift */,
				44663F107017ED1A955889AE /* PriceRangeView.swift */,
				C59651E187E480E7EDB4DF49 /* SectionHeader.swift */,
				CC44DD55EE66FF77880004AB /* PalmRefreshView.swift */,
				DD55EE66FF77880099003344 /* RatingView.swift */,
				BB33CC44DD55EE66FF77001A /* ShareableBusinessCard.swift */,
				4611149A9B0F906F8558EE2F /* SkeletonView.swift */,
			);
			path = Components;
			sourceTree = "<group>";
		};
		C1A2B3D4E5F60013003 /* Paywall */ = {
			isa = PBXGroup;
			children = (
				C1A2B3D4E5F60011002 /* PaywallView.swift */,
			);
			path = Paywall;
			sourceTree = "<group>";
		};
		C1A2B3D4E5F60029019 /* Trip */ = {
			isa = PBXGroup;
			children = (
				C1A2B3D4E5F60027018 /* TripPlanView.swift */,
			);
			path = Trip;
			sourceTree = "<group>";
		};
		C1A2B3D4E5F60041031 /* Settings */ = {
			isa = PBXGroup;
			children = (
				C1A2B3D4E5F6003F030 /* SettingsView.swift */,
			);
			path = Settings;
			sourceTree = "<group>";
		};
		D9ECAD058B2A94FAD57A9B9D /* Views */ = {
			isa = PBXGroup;
			children = (
				B837B38185D1D5A63E8550A7 /* Components */,
				AA22BB33CC44DD55EE66FF20 /* CruiseMode */,
				EA920C55081837BA07E6B00B /* Detail */,
				8A107D8FC1B6AEAB2517CBAB /* Explore */,
				471578CBB5CA3667CA526A32 /* Guides */,
				C7D2D58D9C6C442B9D816BF2 /* Events */,
				FACFED56E433978F4BC60FB2 /* Home */,
				EE66FF77880099AA11220710 /* Weather */,
				6102130A33B29F5DBD4CF5FB /* Map */,
				AA22BB33CC44DD55EE66FF30 /* Onboarding */,
				C1A2B3D4E5F60013003 /* Paywall */,
				6AC5A770C379D07F61854276 /* Tools */,
				C1A2B3D4E5F60029019 /* Trip */,
				C1A2B3D4E5F60041031 /* Settings */,
			);
			path = Views;
			sourceTree = "<group>";
		};
		C7D2D58D9C6C442B9D816BF2 /* Events */ = {
			isa = PBXGroup;
			children = (
				DA9D7893C77A4B868C1584C5 /* EventsListView.swift */,
				255E761E8F1A499E9B9E31B1 /* EventDetailView.swift */,
			);
			path = Events;
			sourceTree = "<group>";
		};
		DBA16712620E6653B7866FC9 /* Services */ = {
			isa = PBXGroup;
			children = (
				831D8B217B0E4F00BA64B77F /* CruiseArrivalsService.swift */,
				1647473CF52B4D81B3ACE8C7 /* EventsService.swift */,
				883F325D631D4609B259513A /* EventCalendarHelper.swift */,
				C2D8FABB9A2C4441B179E462 /* EventFavoritesStore.swift */,
				6D93F8AF9DD468264D391896 /* FavoritesStore.swift */,
				B8CBE2E226575D5AA1E8F25D /* LocationManager.swift */,
				BB22CC33DD44EE55FF660011 /* NetworkMonitor.swift */,
				C25E7EE11F9B4BA8863E1EC0 /* ExchangeRateService.swift */,
				AAFF1122334455660002 /* RemoteDataService.swift */,
				C1A2B3D4E5F600010002 /* ImageCache.swift */,
				91A9A634F3CE5F95335B4A75 /* SearchEngine.swift */,
				C1A2B3D4E5F600070008 /* SearchSynonyms.swift */,
				C1A2B3D4E5F60009000A /* DeepLinkRouter.swift */,
				C1A2B3D4E5F6000D000E /* UserProfileStore.swift */,
				C1A2B3D4E5F6000F0010 /* PurchaseManager.swift */,
				C1A2B3D4E5F60015006 /* WeatherService.swift */,
				C1A2B3D4E5F6001900A /* Analytics.swift */,
				C1A2B3D4E5F6001B00C /* RecentlyViewedStore.swift */,
				C1A2B3D4E5F60023014 /* TripPlanStore.swift */,
				C1A2B3D4E5F60025016 /* TripItineraryGenerator.swift */,
				C1A2B3D4E5F6002B01C /* MapClusterer.swift */,
				C1A2B3D4E5F6002F020 /* FeedComposer.swift */,
				C1A2B3D4E5F60037028 /* LiveActivityManager.swift */,
				C1A2B3D4E5F6003902A /* WidgetSharedData.swift */,
				C1A2B3D4E5F6003B02C /* AppIntents.swift */,
				C1A2B3D4E5F6003D02E /* NotificationManager.swift */,
				C1A2B3D4E5F60047038 /* TelemetryDeckBackend.swift */,
				C1A2B3D4E5F6004B03C /* ReactionsService.swift */,
				C1A2B3D4E5F60050040 /* RemoteItineraryService.swift */,
				C1A2B3D4E5F6005204B /* TrendingReactionsService.swift */,
				C1A2B3D4E5F6005604F /* ArrivalDetector.swift */,
				EE66FF77880099AA11220004 /* SpeechService.swift */,
				BB33CC44DD55EE66FF770012 /* SunsetCalculator.swift */,
				EE66FF77880099AA11220806 /* MoonPhase.swift */,
			);
			path = Services;
			sourceTree = "<group>";
		};
		DE99B7E59537CB66CADB396E /* Products */ = {
			isa = PBXGroup;
			children = (
				4536C00FCFCC7EE02B6191F8 /* RoatanInsider.app */,
				6DC2B9002FBE99F600413663 /* RoatanInsiderWidgetsExtension.appex */,
			);
			name = Products;
			sourceTree = "<group>";
		};
		E2FEEA5FE3EF9B13DA776725 /* Utilities */ = {
			isa = PBXGroup;
			children = (
				BA9E6BAAFFD476DF7857E10B /* Colors.swift */,
				C51054B681FC2110BFBBA3B9 /* Constants.swift */,
				EE66FF77880099AA11220602 /* TravelEstimate.swift */,
				F42C0F536141123397F12BB3 /* Extensions.swift */,
				6E372D20A681F4605FF9F95E /* Fonts.swift */,
				AA22BB33CC44DD55EE66FF02 /* Haptics.swift */,
				F7A8B9C0D1E2F31425364758 /* UnitPreference.swift */,
				C1A2B3D4E5F600050006 /* AppLog.swift */,
				C1A2B3D4E5F6004903A /* ZoomTransition.swift */,
			);
			path = Utilities;
			sourceTree = "<group>";
		};
		EA920C55081837BA07E6B00B /* Detail */ = {
			isa = PBXGroup;
			children = (
				35A4C6517E5D79013BBD86F2 /* BusinessDetailView.swift */,
				433AD38C22538BD20ED17140 /* ContactActions.swift */,
				678158A014617021CE7178F9 /* MiniMapView.swift */,
				8337FBFA3BB1CD2AA9D61C79 /* PhotoGallery.swift */,
				F1E2D3C4B5A6978012345678 /* MenuGalleryView.swift */,
			);
			path = Detail;
			sourceTree = "<group>";
		};
		EE66FF77880099AA11220710 /* Weather */ = {
			isa = PBXGroup;
			children = (
				EE66FF77880099AA11220704 /* WeatherDetailView.swift */,
				EE66FF77880099AA11220706 /* SunArcView.swift */,
				EE66FF77880099AA11220802 /* WeatherMetricTile.swift */,
				EE66FF77880099AA11220804 /* WeatherForecastPanel.swift */,
			);
			path = Weather;
			sourceTree = "<group>";
		};
		FACFED56E433978F4BC60FB2 /* Home */ = {
			isa = PBXGroup;
			children = (
				1FD0FC2E674C429A8B2BE55D /* HomeHeader.swift */,
				7C7E51D8B01B478B90EC5805 /* TodaySection.swift */,
				EE66FF77880099AA11220502 /* HappyHourListView.swift */,
				EE66FF77880099AA11220702 /* ConditionsBand.swift */,
				66090DD8DED94CCA85443C05 /* InsiderPickSection.swift */,
				8688C1F4645D45CFBAA41583 /* BrowseSection.swift */,
				89B179D5893C4B629DFABB04 /* TonightSection.swift */,
				BB33CC44DD55EE66FF770016 /* CollectionsSection.swift */,
				20C92DD6E4FC1FFDC07625C8 /* HomeView.swift */,
				7529901218BBFDEC3A98653D /* QuickGuidesSection.swift */,
				AA22BB33CC44DD55EE66FF0C /* RightNowSection.swift */,
				C1A2B3D4E5F6005404D /* TrendingSection.swift */,
				C1A2B3D4E5F6001D00E /* ContinueBrowsingSection.swift */,
			);
			path = Home;
			sourceTree = "<group>";
		};
/* End PBXGroup section */

/* Begin PBXNativeTarget section */
		6DC2B8FF2FBE99F600413663 /* RoatanInsiderWidgetsExtension */ = {
			isa = PBXNativeTarget;
			buildConfigurationList = 6DC2B9172FBE99F800413663 /* Build configuration list for PBXNativeTarget "RoatanInsiderWidgetsExtension" */;
			buildPhases = (
				6DC2B8FC2FBE99F600413663 /* Sources */,
				6DC2B8FD2FBE99F600413663 /* Frameworks */,
				6DC2B8FE2FBE99F600413663 /* Resources */,
			);
			buildRules = (
			);
			dependencies = (
			);
			fileSystemSynchronizedGroups = (
				6DC2B9062FBE99F600413663 /* RoatanInsiderWidgets */,
			);
			name = RoatanInsiderWidgetsExtension;
			packageProductDependencies = (
			);
			productName = RoatanInsiderWidgetsExtension;
			productReference = 6DC2B9002FBE99F600413663 /* RoatanInsiderWidgetsExtension.appex */;
			productType = "com.apple.product-type.app-extension";
		};
		B59D87CA94FBA14BEE5F2244 /* RoatanInsider */ = {
			isa = PBXNativeTarget;
			buildConfigurationList = A28868E951731FB16EFFF873 /* Build configuration list for PBXNativeTarget "RoatanInsider" */;
			buildPhases = (
				CCD263A97826EA86191156DC /* Sources */,
				D4C45C4C609CA7330BD15454 /* Frameworks */,
				E1C4B5DFC8AF55049EA2E25D /* Resources */,
				6DC2B9132FBE99F800413663 /* Embed Foundation Extensions */,
				4424242DFDCC4F32B9655E9B /* Upload Debug Symbols to Sentry */,
			);
			buildRules = (
			);
			dependencies = (
				6DC2B9112FBE99F800413663 /* PBXTargetDependency */,
			);
			fileSystemSynchronizedGroups = (
				6DC2B9062FBE99F600413663 /* RoatanInsiderWidgets */,
			);
			name = RoatanInsider;
			packageProductDependencies = (
				CDBC5B115FE54B17B0506FC8 /* Sentry */,
			);
			productName = RoatanInsider;
			productReference = 4536C00FCFCC7EE02B6191F8 /* RoatanInsider.app */;
			productType = "com.apple.product-type.application";
		};
/* End PBXNativeTarget section */

/* Begin PBXProject section */
		075399145CD9F9A8A4421C6C /* Project object */ = {
			isa = PBXProject;
			attributes = {
				BuildIndependentTargetsInParallel = 1;
				LastSwiftUpdateCheck = 2650;
				LastUpgradeCheck = 1500;
				TargetAttributes = {
					6DC2B8FF2FBE99F600413663 = {
						CreatedOnToolsVersion = 26.5;
					};
				};
			};
			buildConfigurationList = A98D7E2A9BF1B864D3B0749E /* Build configuration list for PBXProject "RoatanInsider" */;
			compatibilityVersion = "Xcode 14.0";
			developmentRegion = en;
			hasScannedForEncodings = 0;
			knownRegions = (
				en,
				es,
				Base,
			);
			mainGroup = 8EAA44BDA91D75EFD720DBE0;
			packageReferences = (
				8489365BC51E432994A17B6D /* XCRemoteSwiftPackageReference "sentry-cocoa" */,
			);
			productRefGroup = DE99B7E59537CB66CADB396E /* Products */;
			projectDirPath = "";
			projectRoot = "";
			targets = (
				B59D87CA94FBA14BEE5F2244 /* RoatanInsider */,
				6DC2B8FF2FBE99F600413663 /* RoatanInsiderWidgetsExtension */,
			);
		};
/* End PBXProject section */

/* Begin PBXResourcesBuildPhase section */
		6DC2B8FE2FBE99F600413663 /* Resources */ = {
			isa = PBXResourcesBuildPhase;
			buildActionMask = 2147483647;
			files = (
			);
			runOnlyForDeploymentPostprocessing = 0;
		};
		E1C4B5DFC8AF55049EA2E25D /* Resources */ = {
			isa = PBXResourcesBuildPhase;
			buildActionMask = 2147483647;
			files = (
				AC57565D7F0EE0912A57CC03 /* areas.json in Resources */,
				CATE60R1E500000000000001 /* categories.json in Resources */,
				4AE8A7EDB3949FC07ACDF38E /* businesses.json in Resources */,
				404F2D6B8DB04B8AA4FB808B /* events.json in Resources */,
				6013D59428B2452ABF336417 /* cruise_arrivals.json in Resources */,
				B3063911EAE150C625BEEDFA /* cruise-coxen-hole.json in Resources */,
				14FA262B52372AF12B6DC719 /* cruise-mahogany-bay.json in Resources */,
				771325A05FD5B483C97C568D /* essentials.json in Resources */,
				AAFF1122334455660003 /* ask-a-local.json in Resources */,
				0A3C304657086C8DDAAB7EF1 /* Assets.xcassets in Resources */,
				AA00BB11CC22DD33EE44FF01 /* PrivacyInfo.xcprivacy in Resources */,
				C1A2B3D4E5F60033023 /* Localizable.xcstrings in Resources */,
			);
			runOnlyForDeploymentPostprocessing = 0;
		};
/* End PBXResourcesBuildPhase section */

/* Begin PBXShellScriptBuildPhase section */
		4424242DFDCC4F32B9655E9B /* Upload Debug Symbols to Sentry */ = {
			isa = PBXShellScriptBuildPhase;
			buildActionMask = 2147483647;
			files = (
			);
			inputPaths = (
				"${DWARF_DSYM_FOLDER_PATH}/${DWARF_DSYM_FILE_NAME}/Contents/Resources/DWARF/${TARGET_NAME}",
			);
			name = "Upload Debug Symbols to Sentry";
			outputPaths = (
			);
			runOnlyForDeploymentPostprocessing = 0;
			shellPath = /bin/sh;
			shellScript = "# This script is responsible for uploading debug symbols and source context for Sentry.\nif which sentry-cli >/dev/null; then\n  export SENTRY_ORG=jeeeshua\n  export SENTRY_PROJECT=apple-ios\n  ERROR=$(sentry-cli debug-files upload --include-sources \"$DWARF_DSYM_FOLDER_PATH\" 2>&1 >/dev/null)\n  if [ ! $? -eq 0 ]; then\n    echo \"warning: sentry-cli - $ERROR\"\n  fi\nelse\n  echo \"warning: sentry-cli not installed, download from https://github.com/getsentry/sentry-cli/releases\"\nfi\n";
		};
/* End PBXShellScriptBuildPhase section */

/* Begin PBXSourcesBuildPhase section */
		6DC2B8FC2FBE99F600413663 /* Sources */ = {
			isa = PBXSourcesBuildPhase;
			buildActionMask = 2147483647;
			files = (
				6DC2B91E2FBE9AB300413663 /* CruiseActivityAttributes.swift in Sources */,
				6DC2B9212FBE9BC000413663 /* SunsetCalculator.swift in Sources */,
			);
			runOnlyForDeploymentPostprocessing = 0;
		};
		CCD263A97826EA86191156DC /* Sources */ = {
			isa = PBXSourcesBuildPhase;
			buildActionMask = 2147483647;
			files = (
				0F4350E2F56F8361DCEB688C /* ContentView.swift in Sources */,
				42DAAE51963B489A9F759DC3 /* HomeHeader.swift in Sources */,
				C8BAD5815432495A8847DF77 /* TodaySection.swift in Sources */,
				EE66FF77880099AA11220501 /* HappyHourListView.swift in Sources */,
				EE66FF77880099AA11220701 /* ConditionsBand.swift in Sources */,
				EE66FF77880099AA11220703 /* WeatherDetailView.swift in Sources */,
				EE66FF77880099AA11220801 /* WeatherMetricTile.swift in Sources */,
				EE66FF77880099AA11220803 /* WeatherForecastPanel.swift in Sources */,
				EE66FF77880099AA11220805 /* MoonPhase.swift in Sources */,
				EE66FF77880099AA11220705 /* SunArcView.swift in Sources */,
				2F39ACADB90F437997447186 /* InsiderPickSection.swift in Sources */,
				55A42DC7672A466D8A94AA04 /* BrowseSection.swift in Sources */,
				3C0C78D683504971B0FF0150 /* Event.swift in Sources */,
				8EE4441BAC36430CA46B0B1B /* CruiseArrival.swift in Sources */,
				21267395F672413E862D5DF9 /* CruiseArrivalsService.swift in Sources */,
				84AFED49392042F38C6C4A66 /* EventsService.swift in Sources */,
				4E79664B0C46435FB08EEFA5 /* EventCalendarHelper.swift in Sources */,
				D7085D9E036145A99ED6BF79 /* EventFavoritesStore.swift in Sources */,
				7D68BF3461B34F76AA419F82 /* TonightSection.swift in Sources */,
				7D95FF340DF14283999E535C /* EventsListView.swift in Sources */,
				30894C076E9A467CABF083AB /* EventDetailView.swift in Sources */,
				D2CCD52E7D09F833F89F074B /* RoatanInsiderApp.swift in Sources */,
				C1A2B3D4E5F60045035 /* AppDelegate.swift in Sources */,
				D620DE7D7AB0242F4CFCF3F7 /* ExploreViewModel.swift in Sources */,
				0F759DDE306FE66F8930527F /* FavoritesViewModel.swift in Sources */,
				479F702AFAF3B6D85561B6D9 /* MapViewModel.swift in Sources */,
				24F3EEA9160E17F92D89827A /* ToolsViewModel.swift in Sources */,
				C8C7269A258E4E7B58F06D5E /* DataManager.swift in Sources */,
				81290E28565EC83C35FF23B3 /* HomeView.swift in Sources */,
				DC9BB0CE144E5F772CC64DFE /* QuickGuidesSection.swift in Sources */,
				8DD01B1FD61DA6D8208CEBAE /* BusinessCard.swift in Sources */,
				A1B2C3D4E5F60718293A4B5C /* BusinessImageView.swift in Sources */,
				F5C33467F2D5026850EE591D /* CategoryIcon.swift in Sources */,
				65ABAB072B0FF83CAD4611BD /* FavoriteButton.swift in Sources */,
				66AA047D8764DD6F1344D587 /* OpenStatusBadge.swift in Sources */,
				9ED2AC98AC8AE76C18351D28 /* PriceRangeView.swift in Sources */,
				DD55EE66FF77880099001122 /* RatingView.swift in Sources */,
				FCCED8522A7F779F23DB9546 /* SectionHeader.swift in Sources */,
				B5B7224EFA25DD6CB1C7C120 /* SkeletonView.swift in Sources */,
				FDEB71B2C218169B5E6FB51C /* AreaGuideDetailView.swift in Sources */,
				F5B844BB51EE7839FA9986DD /* AreaGuideView.swift in Sources */,
				984355EF9CB879BDDB072BC8 /* CruiseDayGuideView.swift in Sources */,
				9816F4DE8551E706F0E092CB /* IslandEssentialsView.swift in Sources */,
				EEF8BA396A18D37F3123A9F3 /* MapPinView.swift in Sources */,
				3CFE3A24C4878E0F6442401B /* MapPopupCard.swift in Sources */,
				4A6280F790064A116902C056 /* MapTabView.swift in Sources */,
				6FD91392729F6FB913ED61FA /* ExploreView.swift in Sources */,
				E903EF9D22236EC47CC97BA4 /* FilterBar.swift in Sources */,
				C7090070FDA78773F2B3F5E8 /* SearchBar.swift in Sources */,
				CD5C62E819AF86FB6AD56E08 /* BusinessDetailView.swift in Sources */,
				540B5A729ACCF687BC559A30 /* ContactActions.swift in Sources */,
				19F7FBB198B344D7EC5D410D /* MiniMapView.swift in Sources */,
				2036FA4962F442AB4653B5DD /* PhotoGallery.swift in Sources */,
				A1B2C3D4E5F6789012345678 /* MenuGalleryView.swift in Sources */,
				CC364EC124A93F0D71B42785 /* CurrencyConverterView.swift in Sources */,
				2B86D6D82F50122DD8BAACFA /* TipCalculatorView.swift in Sources */,
				D8C3343F54904A0EE13A261E /* ToolsView.swift in Sources */,
				0055DE1F42FE3CCFBF8B0A24 /* Colors.swift in Sources */,
				3FD1EB5C9D3E5DA1F0758290 /* Constants.swift in Sources */,
				EE66FF77880099AA11220601 /* TravelEstimate.swift in Sources */,
				A4DADDCADC5AB14F38A3C02B /* Extensions.swift in Sources */,
				78AF3FF6C235822D0DF0F776 /* Fonts.swift in Sources */,
				1AE9C4081261D4DB4583A7F6 /* Area.swift in Sources */,
				AEF7FECD88521DA0CA44A502 /* Business.swift in Sources */,
				78BD20A5A047DEA271A02AA3 /* Category.swift in Sources */,
				4170CD6D76F8D9F541B1DF3C /* Favorite.swift in Sources */,
				0BB8FA375BB1DB7E9BACF0D3 /* Guide.swift in Sources */,
				75BA98B397EE77FD111393E7 /* FavoritesStore.swift in Sources */,
				16B0AD0D383892CC2B8A5085 /* LocationManager.swift in Sources */,
				AA11BB22CC33DD44EE55FF66 /* NetworkMonitor.swift in Sources */,
				C0664746D374444AB9741FE2 /* ExchangeRateService.swift in Sources */,
				AAFF1122334455660001 /* RemoteDataService.swift in Sources */,
				C1A2B3D4E5F600010001 /* ImageCache.swift in Sources */,
				C1A2B3D4E5F600030003 /* CachedRemoteImage.swift in Sources */,
				C1A2B3D4E5F600050005 /* AppLog.swift in Sources */,
				C1A2B3D4E5F600070007 /* SearchSynonyms.swift in Sources */,
				C1A2B3D4E5F600090009 /* DeepLinkRouter.swift in Sources */,
				C1A2B3D4E5F6000B000B /* UserProfile.swift in Sources */,
				C1A2B3D4E5F6000D000D /* UserProfileStore.swift in Sources */,
				C1A2B3D4E5F6000F000F /* PurchaseManager.swift in Sources */,
				C1A2B3D4E5F60011001 /* PaywallView.swift in Sources */,
				C1A2B3D4E5F60015005 /* WeatherService.swift in Sources */,
				C1A2B3D4E5F60019009 /* Analytics.swift in Sources */,
				C1A2B3D4E5F6001B00B /* RecentlyViewedStore.swift in Sources */,
				C1A2B3D4E5F6001D00D /* ContinueBrowsingSection.swift in Sources */,
				C1A2B3D4E5F6001F00F /* EmptyStateView.swift in Sources */,
				C1A2B3D4E5F60021011 /* TripPlan.swift in Sources */,
				C1A2B3D4E5F60023013 /* TripPlanStore.swift in Sources */,
				C1A2B3D4E5F60025015 /* TripItineraryGenerator.swift in Sources */,
				C1A2B3D4E5F60027017 /* TripPlanView.swift in Sources */,
				C1A2B3D4E5F6002B01B /* MapClusterer.swift in Sources */,
				C1A2B3D4E5F6002D01D /* FeedItem.swift in Sources */,
				C1A2B3D4E5F6002F01F /* FeedComposer.swift in Sources */,
				C1A2B3D4E5F60035025 /* CruiseActivityAttributes.swift in Sources */,
				C1A2B3D4E5F60037027 /* LiveActivityManager.swift in Sources */,
				C1A2B3D4E5F60039029 /* WidgetSharedData.swift in Sources */,
				C1A2B3D4E5F6003B02B /* AppIntents.swift in Sources */,
				C1A2B3D4E5F6003D02D /* NotificationManager.swift in Sources */,
				C1A2B3D4E5F6003F02F /* SettingsView.swift in Sources */,
				C1A2B3D4E5F60047037 /* TelemetryDeckBackend.swift in Sources */,
				C1A2B3D4E5F60049039 /* ZoomTransition.swift in Sources */,
				C1A2B3D4E5F6004B03B /* ReactionsService.swift in Sources */,
				C1A2B3D4E5F6004D03D /* ReactionStrip.swift in Sources */,
				C1A2B3D4E5F6004F03F /* RemoteItineraryService.swift in Sources */,
				C1A2B3D4E5F6005104A /* TrendingReactionsService.swift in Sources */,
				C1A2B3D4E5F6005304C /* TrendingSection.swift in Sources */,
				C1A2B3D4E5F6005504E /* ArrivalDetector.swift in Sources */,
				6744D1163A8FF348A5301C83 /* SearchEngine.swift in Sources */,
				E1A2B3C4D5E6F70819203142 /* UnitPreference.swift in Sources */,
				AA22BB33CC44DD55EE66FF01 /* Haptics.swift in Sources */,
				AA22BB33CC44DD55EE66FF03 /* CruiseViewModel.swift in Sources */,
				AA22BB33CC44DD55EE66FF07 /* CruiseModeView.swift in Sources */,
				AA22BB33CC44DD55EE66FF09 /* AskALocalView.swift in Sources */,
				AA22BB33CC44DD55EE66FF0B /* RightNowSection.swift in Sources */,
				AA22BB33CC44DD55EE66FF0D /* OnboardingView.swift in Sources */,
				BB33CC44DD55EE66FF770011 /* SunsetCalculator.swift in Sources */,
				BB33CC44DD55EE66FF770013 /* SafetyCardView.swift in Sources */,
				BB33CC44DD55EE66FF770015 /* CollectionsSection.swift in Sources */,
				BB33CC44DD55EE66FF770019 /* ShareableBusinessCard.swift in Sources */,
				CC44DD55EE66FF77880001AB /* AnimatedLaunchView.swift in Sources */,
				CC44DD55EE66FF77880003AB /* PalmRefreshView.swift in Sources */,
				EE66FF77880099AA11220001 /* Phrase.swift in Sources */,
				EE66FF77880099AA11220003 /* SpeechService.swift in Sources */,
				EE66FF77880099AA11220005 /* PhrasesView.swift in Sources */,
				EE66FF77880099AA11220401 /* ToolHeader.swift in Sources */,
			);
			runOnlyForDeploymentPostprocessing = 0;
		};
/* End PBXSourcesBuildPhase section */

/* Begin PBXTargetDependency section */
		6DC2B9112FBE99F800413663 /* PBXTargetDependency */ = {
			isa = PBXTargetDependency;
			target = 6DC2B8FF2FBE99F600413663 /* RoatanInsiderWidgetsExtension */;
			targetProxy = 6DC2B9102FBE99F800413663 /* PBXContainerItemProxy */;
		};
/* End PBXTargetDependency section */

/* Begin XCBuildConfiguration section */
		114251414E79CC55E940517D /* Release */ = {
			isa = XCBuildConfiguration;
			buildSettings = {
				ALWAYS_SEARCH_USER_PATHS = NO;
				ASSETCATALOG_COMPILER_GENERATE_SWIFT_ASSET_SYMBOL_EXTENSIONS = YES;
				CLANG_ANALYZER_NONNULL = YES;
				CLANG_ANALYZER_NUMBER_OBJECT_CONVERSION = YES_AGGRESSIVE;
				CLANG_CXX_LANGUAGE_STANDARD = "gnu++20";
				CLANG_ENABLE_MODULES = YES;
				CLANG_ENABLE_OBJC_ARC = YES;
				CLANG_ENABLE_OBJC_WEAK = YES;
				CLANG_WARN_BLOCK_CAPTURE_AUTORELEASING = YES;
				CLANG_WARN_BOOL_CONVERSION = YES;
				CLANG_WARN_COMMA = YES;
				CLANG_WARN_CONSTANT_CONVERSION = YES;
				CLANG_WARN_DEPRECATED_OBJC_IMPLEMENTATIONS = YES;
				CLANG_WARN_DIRECT_OBJC_ISA_USAGE = YES_ERROR;
				CLANG_WARN_DOCUMENTATION_COMMENTS = YES;
				CLANG_WARN_EMPTY_BODY = YES;
				CLANG_WARN_ENUM_CONVERSION = YES;
				CLANG_WARN_INFINITE_RECURSION = YES;
				CLANG_WARN_INT_CONVERSION = YES;
				CLANG_WARN_NON_LITERAL_NULL_CONVERSION = YES;
				CLANG_WARN_OBJC_IMPLICIT_RETAIN_SELF = YES;
				CLANG_WARN_OBJC_LITERAL_CONVERSION = YES;
				CLANG_WARN_OBJC_ROOT_CLASS = YES_ERROR;
				CLANG_WARN_QUOTED_INCLUDE_IN_FRAMEWORK_HEADER = YES;
				CLANG_WARN_RANGE_LOOP_ANALYSIS = YES;
				CLANG_WARN_STRICT_PROTOTYPES = YES;
				CLANG_WARN_SUSPICIOUS_MOVE = YES;
				CLANG_WARN_UNGUARDED_AVAILABILITY = YES_AGGRESSIVE;
				CLANG_WARN_UNREACHABLE_CODE = YES;
				CLANG_WARN__DUPLICATE_METHOD_MATCH = YES;
				COPY_PHASE_STRIP = NO;
				DEBUG_INFORMATION_FORMAT = "dwarf-with-dsym";
				ENABLE_NS_ASSERTIONS = NO;
				ENABLE_STRICT_OBJC_MSGSEND = YES;
				ENABLE_TESTABILITY = NO;
				ENABLE_USER_SCRIPT_SANDBOXING = YES;
				GCC_C_LANGUAGE_STANDARD = gnu17;
				GCC_NO_COMMON_BLOCKS = YES;
				GCC_OPTIMIZATION_LEVEL = s;
				GCC_WARN_64_TO_32_BIT_CONVERSION = YES;
				GCC_WARN_ABOUT_RETURN_TYPE = YES_ERROR;
				GCC_WARN_UNDECLARED_SELECTOR = YES;
				GCC_WARN_UNINITIALIZED_AUTOS = YES_AGGRESSIVE;
				GCC_WARN_UNUSED_FUNCTION = YES;
				GCC_WARN_UNUSED_VARIABLE = YES;
				IPHONEOS_DEPLOYMENT_TARGET = 17.0;
				LOCALIZATION_PREFERS_STRING_CATALOGS = YES;
				MTL_ENABLE_DEBUG_INFO = NO;
				SDKROOT = iphoneos;
				SWIFT_ACTIVE_COMPILATION_CONDITIONS = "$(inherited)";
				SWIFT_COMPILATION_MODE = wholemodule;
				SWIFT_EMIT_LOC_STRINGS = YES;
				SWIFT_VERSION = 5.0;
				VALIDATE_PRODUCT = YES;
			};
			name = Release;
		};
		263D60BF8562B8B3A2AE60CE /* Release */ = {
			isa = XCBuildConfiguration;
			buildSettings = {
				ASSETCATALOG_COMPILER_APPICON_NAME = AppIcon;
				ASSETCATALOG_COMPILER_GLOBAL_ACCENT_COLOR_NAME = AccentColor;
				CODE_SIGN_ENTITLEMENTS = RoatanInsider/RoatanInsider.entitlements;
				CODE_SIGN_STYLE = Automatic;
				CURRENT_PROJECT_VERSION = 1;
				DEBUG_INFORMATION_FORMAT = "dwarf-with-dsym";
				DEVELOPMENT_ASSET_PATHS = "";
				DEVELOPMENT_TEAM = RB657RW2UW;
				ENABLE_PREVIEWS = YES;
				ENABLE_USER_SCRIPT_SANDBOXING = NO;
				GENERATE_INFOPLIST_FILE = YES;
				INFOPLIST_FILE = RoatanInsider/Info.plist;
				INFOPLIST_KEY_CFBundleDisplayName = "Roatán Insider";
				INFOPLIST_KEY_ITSAppUsesNonExemptEncryption = NO;
				INFOPLIST_KEY_LSApplicationCategoryType = "public.app-category.travel";
				INFOPLIST_KEY_NSLocationWhenInUseUsageDescription = "We use your location to show nearby businesses and provide directions.";
				INFOPLIST_KEY_NSSupportsLiveActivities = YES;
				INFOPLIST_KEY_UIApplicationSceneManifest_Generation = YES;
				INFOPLIST_KEY_UIApplicationSupportsIndirectInputEvents = YES;
				INFOPLIST_KEY_UILaunchScreen_BackgroundColor = LaunchBackground;
				INFOPLIST_KEY_UILaunchScreen_Generation = YES;
				"INFOPLIST_KEY_UILaunchStoryboardName-$(CONFIGURATION)" = "";
				INFOPLIST_KEY_UISupportedInterfaceOrientations = UIInterfaceOrientationPortrait;
				INFOPLIST_KEY_UISupportedInterfaceOrientations_iPad = "UIInterfaceOrientationLandscapeLeft UIInterfaceOrientationLandscapeRight UIInterfaceOrientationPortrait UIInterfaceOrientationPortraitUpsideDown";
				LD_RUNPATH_SEARCH_PATHS = (
					"$(inherited)",
					"@executable_path/Frameworks",
				);
				MARKETING_VERSION = 1.0;
				PRODUCT_BUNDLE_IDENTIFIER = com.joshgreendesign.RoatanInsider;
				PRODUCT_NAME = "$(TARGET_NAME)";
				SUPPORTED_PLATFORMS = "iphoneos iphonesimulator";
				SUPPORTS_MACCATALYST = NO;
				SWIFT_EMIT_LOC_STRINGS = YES;
				SWIFT_VERSION = 5.0;
				TARGETED_DEVICE_FAMILY = 1;
			};
			name = Release;
		};
		6DC2B9142FBE99F800413663 /* Debug */ = {
			isa = XCBuildConfiguration;
			buildSettings = {
				ASSETCATALOG_COMPILER_GLOBAL_ACCENT_COLOR_NAME = AccentColor;
				ASSETCATALOG_COMPILER_WIDGET_BACKGROUND_COLOR_NAME = WidgetBackground;
				CODE_SIGN_ENTITLEMENTS = RoatanInsiderWidgetsExtension.entitlements;
				CODE_SIGN_STYLE = Automatic;
				CURRENT_PROJECT_VERSION = 1;
				DEVELOPMENT_TEAM = RB657RW2UW;
				GENERATE_INFOPLIST_FILE = YES;
				INFOPLIST_FILE = RoatanInsiderWidgets/Info.plist;
				INFOPLIST_KEY_CFBundleDisplayName = RoatanInsiderWidgets;
				INFOPLIST_KEY_NSHumanReadableCopyright = "";
				IPHONEOS_DEPLOYMENT_TARGET = 17.0;
				LD_RUNPATH_SEARCH_PATHS = (
					"$(inherited)",
					"@executable_path/Frameworks",
					"@executable_path/../../Frameworks",
				);
				MARKETING_VERSION = 1.0;
				MTL_FAST_MATH = YES;
				PRODUCT_BUNDLE_IDENTIFIER = com.joshgreendesign.RoatanInsider.RoatanInsiderWidgets;
				PRODUCT_NAME = "$(TARGET_NAME)";
				SKIP_INSTALL = YES;
				STRING_CATALOG_GENERATE_SYMBOLS = YES;
				SWIFT_APPROACHABLE_CONCURRENCY = YES;
				SWIFT_EMIT_LOC_STRINGS = YES;
				SWIFT_OPTIMIZATION_LEVEL = "-Onone";
				SWIFT_UPCOMING_FEATURE_MEMBER_IMPORT_VISIBILITY = YES;
				SWIFT_VERSION = 5.0;
				TARGETED_DEVICE_FAMILY = "1,2";
			};
			name = Debug;
		};
		6DC2B9152FBE99F800413663 /* Release */ = {
			isa = XCBuildConfiguration;
			buildSettings = {
				ASSETCATALOG_COMPILER_GLOBAL_ACCENT_COLOR_NAME = AccentColor;
				ASSETCATALOG_COMPILER_WIDGET_BACKGROUND_COLOR_NAME = WidgetBackground;
				CODE_SIGN_ENTITLEMENTS = RoatanInsiderWidgetsExtension.entitlements;
				CODE_SIGN_STYLE = Automatic;
				CURRENT_PROJECT_VERSION = 1;
				DEVELOPMENT_TEAM = RB657RW2UW;
				GENERATE_INFOPLIST_FILE = YES;
				INFOPLIST_FILE = RoatanInsiderWidgets/Info.plist;
				INFOPLIST_KEY_CFBundleDisplayName = RoatanInsiderWidgets;
				INFOPLIST_KEY_NSHumanReadableCopyright = "";
				IPHONEOS_DEPLOYMENT_TARGET = 17.0;
				LD_RUNPATH_SEARCH_PATHS = (
					"$(inherited)",
					"@executable_path/Frameworks",
					"@executable_path/../../Frameworks",
				);
				MARKETING_VERSION = 1.0;
				MTL_FAST_MATH = YES;
				PRODUCT_BUNDLE_IDENTIFIER = com.joshgreendesign.RoatanInsider.RoatanInsiderWidgets;
				PRODUCT_NAME = "$(TARGET_NAME)";
				SKIP_INSTALL = YES;
				STRING_CATALOG_GENERATE_SYMBOLS = YES;
				SWIFT_APPROACHABLE_CONCURRENCY = YES;
				SWIFT_EMIT_LOC_STRINGS = YES;
				SWIFT_UPCOMING_FEATURE_MEMBER_IMPORT_VISIBILITY = YES;
				SWIFT_VERSION = 5.0;
				TARGETED_DEVICE_FAMILY = "1,2";
			};
			name = Release;
		};
		8176CAB4B8C6D5616227B63A /* Debug */ = {
			isa = XCBuildConfiguration;
			buildSettings = {
				ASSETCATALOG_COMPILER_APPICON_NAME = AppIcon;
				ASSETCATALOG_COMPILER_GLOBAL_ACCENT_COLOR_NAME = AccentColor;
				CODE_SIGN_ENTITLEMENTS = RoatanInsider/RoatanInsider.entitlements;
				CODE_SIGN_STYLE = Automatic;
				CURRENT_PROJECT_VERSION = 1;
				DEBUG_INFORMATION_FORMAT = "dwarf-with-dsym";
				DEVELOPMENT_ASSET_PATHS = "";
				DEVELOPMENT_TEAM = RB657RW2UW;
				ENABLE_PREVIEWS = YES;
				ENABLE_USER_SCRIPT_SANDBOXING = NO;
				GENERATE_INFOPLIST_FILE = YES;
				INFOPLIST_FILE = RoatanInsider/Info.plist;
				INFOPLIST_KEY_CFBundleDisplayName = "Roatán Insider";
				INFOPLIST_KEY_ITSAppUsesNonExemptEncryption = NO;
				INFOPLIST_KEY_LSApplicationCategoryType = "public.app-category.travel";
				INFOPLIST_KEY_NSLocationWhenInUseUsageDescription = "We use your location to show nearby businesses and provide directions.";
				INFOPLIST_KEY_NSSupportsLiveActivities = YES;
				INFOPLIST_KEY_UIApplicationSceneManifest_Generation = YES;
				INFOPLIST_KEY_UIApplicationSupportsIndirectInputEvents = YES;
				INFOPLIST_KEY_UILaunchScreen_BackgroundColor = LaunchBackground;
				INFOPLIST_KEY_UILaunchScreen_Generation = YES;
				"INFOPLIST_KEY_UILaunchStoryboardName-$(CONFIGURATION)" = "";
				INFOPLIST_KEY_UISupportedInterfaceOrientations = UIInterfaceOrientationPortrait;
				INFOPLIST_KEY_UISupportedInterfaceOrientations_iPad = "UIInterfaceOrientationLandscapeLeft UIInterfaceOrientationLandscapeRight UIInterfaceOrientationPortrait UIInterfaceOrientationPortraitUpsideDown";
				LD_RUNPATH_SEARCH_PATHS = (
					"$(inherited)",
					"@executable_path/Frameworks",
				);
				MARKETING_VERSION = 1.0;
				PRODUCT_BUNDLE_IDENTIFIER = com.joshgreendesign.RoatanInsider;
				PRODUCT_NAME = "$(TARGET_NAME)";
				SUPPORTED_PLATFORMS = "iphoneos iphonesimulator";
				SUPPORTS_MACCATALYST = NO;
				SWIFT_EMIT_LOC_STRINGS = YES;
				SWIFT_VERSION = 5.0;
				TARGETED_DEVICE_FAMILY = 1;
			};
			name = Debug;
		};
		F98A07DE38A9079D3D46F76C /* Debug */ = {
			isa = XCBuildConfiguration;
			buildSettings = {
				ALWAYS_SEARCH_USER_PATHS = NO;
				ASSETCATALOG_COMPILER_GENERATE_SWIFT_ASSET_SYMBOL_EXTENSIONS = YES;
				CLANG_ANALYZER_NONNULL = YES;
				CLANG_ANALYZER_NUMBER_OBJECT_CONVERSION = YES_AGGRESSIVE;
				CLANG_CXX_LANGUAGE_STANDARD = "gnu++20";
				CLANG_ENABLE_MODULES = YES;
				CLANG_ENABLE_OBJC_ARC = YES;
				CLANG_ENABLE_OBJC_WEAK = YES;
				CLANG_WARN_BLOCK_CAPTURE_AUTORELEASING = YES;
				CLANG_WARN_BOOL_CONVERSION = YES;
				CLANG_WARN_COMMA = YES;
				CLANG_WARN_CONSTANT_CONVERSION = YES;
				CLANG_WARN_DEPRECATED_OBJC_IMPLEMENTATIONS = YES;
				CLANG_WARN_DIRECT_OBJC_ISA_USAGE = YES_ERROR;
				CLANG_WARN_DOCUMENTATION_COMMENTS = YES;
				CLANG_WARN_EMPTY_BODY = YES;
				CLANG_WARN_ENUM_CONVERSION = YES;
				CLANG_WARN_INFINITE_RECURSION = YES;
				CLANG_WARN_INT_CONVERSION = YES;
				CLANG_WARN_NON_LITERAL_NULL_CONVERSION = YES;
				CLANG_WARN_OBJC_IMPLICIT_RETAIN_SELF = YES;
				CLANG_WARN_OBJC_LITERAL_CONVERSION = YES;
				CLANG_WARN_OBJC_ROOT_CLASS = YES_ERROR;
				CLANG_WARN_QUOTED_INCLUDE_IN_FRAMEWORK_HEADER = YES;
				CLANG_WARN_RANGE_LOOP_ANALYSIS = YES;
				CLANG_WARN_STRICT_PROTOTYPES = YES;
				CLANG_WARN_SUSPICIOUS_MOVE = YES;
				CLANG_WARN_UNGUARDED_AVAILABILITY = YES_AGGRESSIVE;
				CLANG_WARN_UNREACHABLE_CODE = YES;
				CLANG_WARN__DUPLICATE_METHOD_MATCH = YES;
				COPY_PHASE_STRIP = NO;
				DEBUG_INFORMATION_FORMAT = dwarf;
				ENABLE_STRICT_OBJC_MSGSEND = YES;
				ENABLE_TESTABILITY = YES;
				ENABLE_USER_SCRIPT_SANDBOXING = YES;
				GCC_C_LANGUAGE_STANDARD = gnu17;
				GCC_DYNAMIC_NO_PIC = NO;
				GCC_NO_COMMON_BLOCKS = YES;
				GCC_OPTIMIZATION_LEVEL = 0;
				GCC_PREPROCESSOR_DEFINITIONS = (
					"DEBUG=1",
					"$(inherited)",
				);
				GCC_WARN_64_TO_32_BIT_CONVERSION = YES;
				GCC_WARN_ABOUT_RETURN_TYPE = YES_ERROR;
				GCC_WARN_UNDECLARED_SELECTOR = YES;
				GCC_WARN_UNINITIALIZED_AUTOS = YES_AGGRESSIVE;
				GCC_WARN_UNUSED_FUNCTION = YES;
				GCC_WARN_UNUSED_VARIABLE = YES;
				IPHONEOS_DEPLOYMENT_TARGET = 17.0;
				LOCALIZATION_PREFERS_STRING_CATALOGS = YES;
				MTL_ENABLE_DEBUG_INFO = INCLUDE_SOURCE;
				ONLY_ACTIVE_ARCH = YES;
				SDKROOT = iphoneos;
				SWIFT_ACTIVE_COMPILATION_CONDITIONS = "DEBUG $(inherited)";
				SWIFT_EMIT_LOC_STRINGS = YES;
				SWIFT_VERSION = 5.0;
			};
			name = Debug;
		};
/* End XCBuildConfiguration section */

/* Begin XCConfigurationList section */
		6DC2B9172FBE99F800413663 /* Build configuration list for PBXNativeTarget "RoatanInsiderWidgetsExtension" */ = {
			isa = XCConfigurationList;
			buildConfigurations = (
				6DC2B9142FBE99F800413663 /* Debug */,
				6DC2B9152FBE99F800413663 /* Release */,
			);
			defaultConfigurationIsVisible = 0;
			defaultConfigurationName = Release;
		};
		A28868E951731FB16EFFF873 /* Build configuration list for PBXNativeTarget "RoatanInsider" */ = {
			isa = XCConfigurationList;
			buildConfigurations = (
				8176CAB4B8C6D5616227B63A /* Debug */,
				263D60BF8562B8B3A2AE60CE /* Release */,
			);
			defaultConfigurationIsVisible = 0;
			defaultConfigurationName = Release;
		};
		A98D7E2A9BF1B864D3B0749E /* Build configuration list for PBXProject "RoatanInsider" */ = {
			isa = XCConfigurationList;
			buildConfigurations = (
				F98A07DE38A9079D3D46F76C /* Debug */,
				114251414E79CC55E940517D /* Release */,
			);
			defaultConfigurationIsVisible = 0;
			defaultConfigurationName = Release;
		};
/* End XCConfigurationList section */

/* Begin XCRemoteSwiftPackageReference section */
		8489365BC51E432994A17B6D /* XCRemoteSwiftPackageReference "sentry-cocoa" */ = {
			isa = XCRemoteSwiftPackageReference;
			repositoryURL = "https://github.com/getsentry/sentry-cocoa/";
			requirement = {
				kind = upToNextMajorVersion;
				minimumVersion = 8.0.0;
			};
		};
/* End XCRemoteSwiftPackageReference section */

/* Begin XCSwiftPackageProductDependency section */
		CDBC5B115FE54B17B0506FC8 /* Sentry */ = {
			isa = XCSwiftPackageProductDependency;
			package = 8489365BC51E432994A17B6D /* XCRemoteSwiftPackageReference "sentry-cocoa" */;
			productName = Sentry;
		};
/* End XCSwiftPackageProductDependency section */
	};
	rootObject = 075399145CD9F9A8A4421C6C /* Project object */;
}
